// !$*UTF8*$!
{
	archiveVersion = 1;
	classes = {
	};
	objectVersion = 50;
	objects = {

/* Begin PBXBuildFile section */
		081AC73C250B5E8400317188 /* main.cpp in Sources */ = {isa = PBXBuildFile; fileRef = 081AC73B250B5E8400317188 /* main.cpp */; };
		081AC747250B688900317188 /* main.cpp in Sources */ = {isa = PBXBuildFile; fileRef = 081AC746250B688900317188 /* main.cpp */; };
		081AC752250BB56F00317188 /* main.cpp in Sources */ = {isa = PBXBuildFile; fileRef = 081AC751250BB56F00317188 /* main.cpp */; };
		081AC75D250BC54400317188 /* main.cpp in Sources */ = {isa = PBXBuildFile; fileRef = 081AC75C250BC54400317188 /* main.cpp */; };
		6010F6F7257F49450050048D /* main.cpp in Sources */ = {isa = PBXBuildFile; fileRef = 6010F6F6257F49450050048D /* main.cpp */; };
		6012B62F253DB70F0080A255 /* main.cpp in Sources */ = {isa = PBXBuildFile; fileRef = 6012B62E253DB70F0080A255 /* main.cpp */; };
		60176DCE2577B48A009D4363 /* main.cpp in Sources */ = {isa = PBXBuildFile; fileRef = 60CCA8462512EFDF00C02F25 /* main.cpp */; };
		60176DEC257E4092009D4363 /* main.cpp in Sources */ = {isa = PBXBuildFile; fileRef = 60176DEB257E4092009D4363 /* main.cpp */; };
		60176E0E257E4875009D4363 /* main.cpp in Sources */ = {isa = PBXBuildFile; fileRef = 60176E0D257E4875009D4363 /* main.cpp */; };
		60176E31257F11FF009D4363 /* main.cpp in Sources */ = {isa = PBXBuildFile; fileRef = 60176E30257F11FF009D4363 /* main.cpp */; };
		60176E55257F1955009D4363 /* main.cpp in Sources */ = {isa = PBXBuildFile; fileRef = 60176E54257F1955009D4363 /* main.cpp */; };
		60176E7A257F1CBD009D4363 /* main.cpp in Sources */ = {isa = PBXBuildFile; fileRef = 60176E79257F1CBD009D4363 /* main.cpp */; };
		60CCA7AD250CE40000C02F25 /* main.cpp in Sources */ = {isa = PBXBuildFile; fileRef = 60CCA7AC250CE40000C02F25 /* main.cpp */; };
		60CCA7B8250CE59500C02F25 /* main.cpp in Sources */ = {isa = PBXBuildFile; fileRef = 60CCA7B7250CE59500C02F25 /* main.cpp */; };
		60CCA7C3250FABC000C02F25 /* main.cpp in Sources */ = {isa = PBXBuildFile; fileRef = 60CCA7C2250FABC000C02F25 /* main.cpp */; };
		60CCA7CE250FAC6800C02F25 /* main.cpp in Sources */ = {isa = PBXBuildFile; fileRef = 60CCA7CD250FAC6800C02F25 /* main.cpp */; };
		60CCA7D9250FAE8700C02F25 /* main.cpp in Sources */ = {isa = PBXBuildFile; fileRef = 60CCA7D8250FAE8700C02F25 /* main.cpp */; };
		60CCA7E425103E9200C02F25 /* main.cpp in Sources */ = {isa = PBXBuildFile; fileRef = 60CCA7E325103E9200C02F25 /* main.cpp */; };
		60CCA7EF2510431E00C02F25 /* main.cpp in Sources */ = {isa = PBXBuildFile; fileRef = 60CCA7EE2510431E00C02F25 /* main.cpp */; };
		60CCA7FA251082D500C02F25 /* main.cpp in Sources */ = {isa = PBXBuildFile; fileRef = 60CCA7F9251082D500C02F25 /* main.cpp */; };
		60CCA81025108A7F00C02F25 /* main.cpp in Sources */ = {isa = PBXBuildFile; fileRef = 60CCA80F25108A7F00C02F25 /* main.cpp */; };
		60CCA81B25108CD700C02F25 /* main.cpp in Sources */ = {isa = PBXBuildFile; fileRef = 60CCA81A25108CD700C02F25 /* main.cpp */; };
		60CCA8262510CC6600C02F25 /* main.cpp in Sources */ = {isa = PBXBuildFile; fileRef = 60CCA8252510CC6600C02F25 /* main.cpp */; };
		60CCA8312511C8D700C02F25 /* main.cpp in Sources */ = {isa = PBXBuildFile; fileRef = 60CCA8302511C8D700C02F25 /* main.cpp */; };
		60CCA83C2512EB7500C02F25 /* main.cpp in Sources */ = {isa = PBXBuildFile; fileRef = 60CCA83B2512EB7500C02F25 /* main.cpp */; };
/* End PBXBuildFile section */

/* Begin PBXCopyFilesBuildPhase section */
		081AC726250B460000317188 /* CopyFiles */ = {
			isa = PBXCopyFilesBuildPhase;
			buildActionMask = 2147483647;
			dstPath = /usr/share/man/man1/;
			dstSubfolderSpec = 0;
			files = (
			);
			runOnlyForDeploymentPostprocessing = 1;
		};
		081AC737250B5E8400317188 /* CopyFiles */ = {
			isa = PBXCopyFilesBuildPhase;
			buildActionMask = 2147483647;
			dstPath = /usr/share/man/man1/;
			dstSubfolderSpec = 0;
			files = (
			);
			runOnlyForDeploymentPostprocessing = 1;
		};
		081AC742250B688900317188 /* CopyFiles */ = {
			isa = PBXCopyFilesBuildPhase;
			buildActionMask = 2147483647;
			dstPath = /usr/share/man/man1/;
			dstSubfolderSpec = 0;
			files = (
			);
			runOnlyForDeploymentPostprocessing = 1;
		};
		081AC74D250BB56F00317188 /* CopyFiles */ = {
			isa = PBXCopyFilesBuildPhase;
			buildActionMask = 2147483647;
			dstPath = /usr/share/man/man1/;
			dstSubfolderSpec = 0;
			files = (
			);
			runOnlyForDeploymentPostprocessing = 1;
		};
		081AC758250BC54400317188 /* CopyFiles */ = {
			isa = PBXCopyFilesBuildPhase;
			buildActionMask = 2147483647;
			dstPath = /usr/share/man/man1/;
			dstSubfolderSpec = 0;
			files = (
			);
			runOnlyForDeploymentPostprocessing = 1;
		};
		6010F6F2257F49450050048D /* CopyFiles */ = {
			isa = PBXCopyFilesBuildPhase;
			buildActionMask = 2147483647;
			dstPath = /usr/share/man/man1/;
			dstSubfolderSpec = 0;
			files = (
			);
			runOnlyForDeploymentPostprocessing = 1;
		};
		6012B62A253DB70F0080A255 /* CopyFiles */ = {
			isa = PBXCopyFilesBuildPhase;
			buildActionMask = 2147483647;
			dstPath = /usr/share/man/man1/;
			dstSubfolderSpec = 0;
			files = (
			);
			runOnlyForDeploymentPostprocessing = 1;
		};
		60176DE7257E4092009D4363 /* CopyFiles */ = {
			isa = PBXCopyFilesBuildPhase;
			buildActionMask = 2147483647;
			dstPath = /usr/share/man/man1/;
			dstSubfolderSpec = 0;
			files = (
			);
			runOnlyForDeploymentPostprocessing = 1;
		};
		60176E09257E4875009D4363 /* CopyFiles */ = {
			isa = PBXCopyFilesBuildPhase;
			buildActionMask = 2147483647;
			dstPath = /usr/share/man/man1/;
			dstSubfolderSpec = 0;
			files = (
			);
			runOnlyForDeploymentPostprocessing = 1;
		};
		60176E2C257F11FF009D4363 /* CopyFiles */ = {
			isa = PBXCopyFilesBuildPhase;
			buildActionMask = 2147483647;
			dstPath = /usr/share/man/man1/;
			dstSubfolderSpec = 0;
			files = (
			);
			runOnlyForDeploymentPostprocessing = 1;
		};
		60176E50257F1955009D4363 /* CopyFiles */ = {
			isa = PBXCopyFilesBuildPhase;
			buildActionMask = 2147483647;
			dstPath = /usr/share/man/man1/;
			dstSubfolderSpec = 0;
			files = (
			);
			runOnlyForDeploymentPostprocessing = 1;
		};
		60176E75257F1CBD009D4363 /* CopyFiles */ = {
			isa = PBXCopyFilesBuildPhase;
			buildActionMask = 2147483647;
			dstPath = /usr/share/man/man1/;
			dstSubfolderSpec = 0;
			files = (
			);
			runOnlyForDeploymentPostprocessing = 1;
		};
		60C7478425680D2B00C677D3 /* CopyFiles */ = {
			isa = PBXCopyFilesBuildPhase;
			buildActionMask = 2147483647;
			dstPath = /usr/share/man/man1/;
			dstSubfolderSpec = 0;
			files = (
			);
			runOnlyForDeploymentPostprocessing = 1;
		};
		60CCA7A8250CE40000C02F25 /* CopyFiles */ = {
			isa = PBXCopyFilesBuildPhase;
			buildActionMask = 2147483647;
			dstPath = /usr/share/man/man1/;
			dstSubfolderSpec = 0;
			files = (
			);
			runOnlyForDeploymentPostprocessing = 1;
		};
		60CCA7B3250CE59500C02F25 /* CopyFiles */ = {
			isa = PBXCopyFilesBuildPhase;
			buildActionMask = 2147483647;
			dstPath = /usr/share/man/man1/;
			dstSubfolderSpec = 0;
			files = (
			);
			runOnlyForDeploymentPostprocessing = 1;
		};
		60CCA7BE250FABC000C02F25 /* CopyFiles */ = {
			isa = PBXCopyFilesBuildPhase;
			buildActionMask = 2147483647;
			dstPath = /usr/share/man/man1/;
			dstSubfolderSpec = 0;
			files = (
			);
			runOnlyForDeploymentPostprocessing = 1;
		};
		60CCA7C9250FAC6800C02F25 /* CopyFiles */ = {
			isa = PBXCopyFilesBuildPhase;
			buildActionMask = 2147483647;
			dstPath = /usr/share/man/man1/;
			dstSubfolderSpec = 0;
			files = (
			);
			runOnlyForDeploymentPostprocessing = 1;
		};
		60CCA7D4250FAE8700C02F25 /* CopyFiles */ = {
			isa = PBXCopyFilesBuildPhase;
			buildActionMask = 2147483647;
			dstPath = /usr/share/man/man1/;
			dstSubfolderSpec = 0;
			files = (
			);
			runOnlyForDeploymentPostprocessing = 1;
		};
		60CCA7DF25103E9200C02F25 /* CopyFiles */ = {
			isa = PBXCopyFilesBuildPhase;
			buildActionMask = 2147483647;
			dstPath = /usr/share/man/man1/;
			dstSubfolderSpec = 0;
			files = (
			);
			runOnlyForDeploymentPostprocessing = 1;
		};
		60CCA7EA2510431E00C02F25 /* CopyFiles */ = {
			isa = PBXCopyFilesBuildPhase;
			buildActionMask = 2147483647;
			dstPath = /usr/share/man/man1/;
			dstSubfolderSpec = 0;
			files = (
			);
			runOnlyForDeploymentPostprocessing = 1;
		};
		60CCA7F5251082D500C02F25 /* CopyFiles */ = {
			isa = PBXCopyFilesBuildPhase;
			buildActionMask = 2147483647;
			dstPath = /usr/share/man/man1/;
			dstSubfolderSpec = 0;
			files = (
			);
			runOnlyForDeploymentPostprocessing = 1;
		};
		60CCA80025108A5F00C02F25 /* CopyFiles */ = {
			isa = PBXCopyFilesBuildPhase;
			buildActionMask = 2147483647;
			dstPath = /usr/share/man/man1/;
			dstSubfolderSpec = 0;
			files = (
			);
			runOnlyForDeploymentPostprocessing = 1;
		};
		60CCA80B25108A7F00C02F25 /* CopyFiles */ = {
			isa = PBXCopyFilesBuildPhase;
			buildActionMask = 2147483647;
			dstPath = /usr/share/man/man1/;
			dstSubfolderSpec = 0;
			files = (
			);
			runOnlyForDeploymentPostprocessing = 1;
		};
		60CCA81625108CD700C02F25 /* CopyFiles */ = {
			isa = PBXCopyFilesBuildPhase;
			buildActionMask = 2147483647;
			dstPath = /usr/share/man/man1/;
			dstSubfolderSpec = 0;
			files = (
			);
			runOnlyForDeploymentPostprocessing = 1;
		};
		60CCA8212510CC6600C02F25 /* CopyFiles */ = {
			isa = PBXCopyFilesBuildPhase;
			buildActionMask = 2147483647;
			dstPath = /usr/share/man/man1/;
			dstSubfolderSpec = 0;
			files = (
			);
			runOnlyForDeploymentPostprocessing = 1;
		};
		60CCA82C2511C8D700C02F25 /* CopyFiles */ = {
			isa = PBXCopyFilesBuildPhase;
			buildActionMask = 2147483647;
			dstPath = /usr/share/man/man1/;
			dstSubfolderSpec = 0;
			files = (
			);
			runOnlyForDeploymentPostprocessing = 1;
		};
		60CCA8372512EB7500C02F25 /* CopyFiles */ = {
			isa = PBXCopyFilesBuildPhase;
			buildActionMask = 2147483647;
			dstPath = /usr/share/man/man1/;
			dstSubfolderSpec = 0;
			files = (
			);
			runOnlyForDeploymentPostprocessing = 1;
		};
		60CCA8422512EFDF00C02F25 /* CopyFiles */ = {
			isa = PBXCopyFilesBuildPhase;
			buildActionMask = 2147483647;
			dstPath = /usr/share/man/man1/;
			dstSubfolderSpec = 0;
			files = (
			);
			runOnlyForDeploymentPostprocessing = 1;
		};
/* End PBXCopyFilesBuildPhase section */

/* Begin PBXFileReference section */
		081AC728250B460000317188 /* data-structure */ = {isa = PBXFileReference; explicitFileType = "compiled.mach-o.executable"; includeInIndex = 0; path = "data-structure"; sourceTree = BUILT_PRODUCTS_DIR; };
		081AC739250B5E8400317188 /* _2 */ = {isa = PBXFileReference; explicitFileType = "compiled.mach-o.executable"; includeInIndex = 0; path = _2; sourceTree = BUILT_PRODUCTS_DIR; };
		081AC73B250B5E8400317188 /* main.cpp */ = {isa = PBXFileReference; lastKnownFileType = sourcecode.cpp.cpp; path = main.cpp; sourceTree = "<group>"; };
		081AC744250B688900317188 /* _3 */ = {isa = PBXFileReference; explicitFileType = "compiled.mach-o.executable"; includeInIndex = 0; path = _3; sourceTree = BUILT_PRODUCTS_DIR; };
		081AC746250B688900317188 /* main.cpp */ = {isa = PBXFileReference; lastKnownFileType = sourcecode.cpp.cpp; path = main.cpp; sourceTree = "<group>"; };
		081AC74F250BB56F00317188 /* _4 */ = {isa = PBXFileReference; explicitFileType = "compiled.mach-o.executable"; includeInIndex = 0; path = _4; sourceTree = BUILT_PRODUCTS_DIR; };
		081AC751250BB56F00317188 /* main.cpp */ = {isa = PBXFileReference; lastKnownFileType = sourcecode.cpp.cpp; path = main.cpp; sourceTree = "<group>"; };
		081AC75A250BC54400317188 /* _5 */ = {isa = PBXFileReference; explicitFileType = "compiled.mach-o.executable"; includeInIndex = 0; path = _5; sourceTree = BUILT_PRODUCTS_DIR; };
		081AC75C250BC54400317188 /* main.cpp */ = {isa = PBXFileReference; lastKnownFileType = sourcecode.cpp.cpp; path = main.cpp; sourceTree = "<group>"; };
		6010F6F4257F49450050048D /* 1032 */ = {isa = PBXFileReference; explicitFileType = "compiled.mach-o.executable"; includeInIndex = 0; path = 1032; sourceTree = BUILT_PRODUCTS_DIR; };
		6010F6F6257F49450050048D /* main.cpp */ = {isa = PBXFileReference; lastKnownFileType = sourcecode.cpp.cpp; path = main.cpp; sourceTree = "<group>"; };
		6012B62C253DB70F0080A255 /* A1065 */ = {isa = PBXFileReference; explicitFileType = "compiled.mach-o.executable"; includeInIndex = 0; path = A1065; sourceTree = BUILT_PRODUCTS_DIR; };
		6012B62E253DB70F0080A255 /* main.cpp */ = {isa = PBXFileReference; lastKnownFileType = sourcecode.cpp.cpp; path = main.cpp; sourceTree = "<group>"; };
		60176DE9257E4092009D4363 /* A1002 */ = {isa = PBXFileReference; explicitFileType = "compiled.mach-o.executable"; includeInIndex = 0; path = A1002; sourceTree = BUILT_PRODUCTS_DIR; };
		60176DEB257E4092009D4363 /* main.cpp */ = {isa = PBXFileReference; lastKnownFileType = sourcecode.cpp.cpp; path = main.cpp; sourceTree = "<group>"; };
		60176E0B257E4875009D4363 /* A1009 */ = {isa = PBXFileReference; explicitFileType = "compiled.mach-o.executable"; includeInIndex = 0; path = A1009; sourceTree = BUILT_PRODUCTS_DIR; };
		60176E0D257E4875009D4363 /* main.cpp */ = {isa = PBXFileReference; lastKnownFileType = sourcecode.cpp.cpp; path = main.cpp; sourceTree = "<group>"; };
		60176E2E257F11FF009D4363 /* 1041 */ = {isa = PBXFileReference; explicitFileType = "compiled.mach-o.executable"; includeInIndex = 0; path = 1041; sourceTree = BUILT_PRODUCTS_DIR; };
		60176E30257F11FF009D4363 /* main.cpp */ = {isa = PBXFileReference; lastKnownFileType = sourcecode.cpp.cpp; path = main.cpp; sourceTree = "<group>"; };
		60176E52257F1955009D4363 /* 1004 */ = {isa = PBXFileReference; explicitFileType = "compiled.mach-o.executable"; includeInIndex = 0; path = 1004; sourceTree = BUILT_PRODUCTS_DIR; };
		60176E54257F1955009D4363 /* main.cpp */ = {isa = PBXFileReference; lastKnownFileType = sourcecode.cpp.cpp; path = main.cpp; sourceTree = "<group>"; };
		60176E77257F1CBD009D4363 /* 1028 */ = {isa = PBXFileReference; explicitFileType = "compiled.mach-o.executable"; includeInIndex = 0; path = 1028; sourceTree = BUILT_PRODUCTS_DIR; };
		60176E79257F1CBD009D4363 /* main.cpp */ = {isa = PBXFileReference; lastKnownFileType = sourcecode.cpp.cpp; path = main.cpp; sourceTree = "<group>"; };
		60C7478625680D2B00C677D3 /* LC1343 */ = {isa = PBXFileReference; explicitFileType = "compiled.mach-o.executable"; includeInIndex = 0; path = LC1343; sourceTree = BUILT_PRODUCTS_DIR; };
		60CCA7AA250CE40000C02F25 /* _1 */ = {isa = PBXFileReference; explicitFileType = "compiled.mach-o.executable"; includeInIndex = 0; path = _1; sourceTree = BUILT_PRODUCTS_DIR; };
		60CCA7AC250CE40000C02F25 /* main.cpp */ = {isa = PBXFileReference; lastKnownFileType = sourcecode.cpp.cpp; path = main.cpp; sourceTree = "<group>"; };
		60CCA7B5250CE59500C02F25 /* 1_1 */ = {isa = PBXFileReference; explicitFileType = "compiled.mach-o.executable"; includeInIndex = 0; path = 1_1; sourceTree = BUILT_PRODUCTS_DIR; };
		60CCA7B7250CE59500C02F25 /* main.cpp */ = {isa = PBXFileReference; lastKnownFileType = sourcecode.cpp.cpp; path = main.cpp; sourceTree = "<group>"; };
		60CCA7C0250FABC000C02F25 /* 2_1 */ = {isa = PBXFileReference; explicitFileType = "compiled.mach-o.executable"; includeInIndex = 0; path = 2_1; sourceTree = BUILT_PRODUCTS_DIR; };
		60CCA7C2250FABC000C02F25 /* main.cpp */ = {isa = PBXFileReference; lastKnownFileType = sourcecode.cpp.cpp; path = main.cpp; sourceTree = "<group>"; };
		60CCA7CB250FAC6800C02F25 /* 1001 */ = {isa = PBXFileReference; explicitFileType = "compiled.mach-o.executable"; includeInIndex = 0; path = 1001; sourceTree = BUILT_PRODUCTS_DIR; };
		60CCA7CD250FAC6800C02F25 /* main.cpp */ = {isa = PBXFileReference; lastKnownFileType = sourcecode.cpp.cpp; path = main.cpp; sourceTree = "<group>"; };
		60CCA7D6250FAE8700C02F25 /* 1011 */ = {isa = PBXFileReference; explicitFileType = "compiled.mach-o.executable"; includeInIndex = 0; path = 1011; sourceTree = BUILT_PRODUCTS_DIR; };
		60CCA7D8250FAE8700C02F25 /* main.cpp */ = {isa = PBXFileReference; lastKnownFileType = sourcecode.cpp.cpp; path = main.cpp; sourceTree = "<group>"; };
		60CCA7E125103E9200C02F25 /* 1016 */ = {isa = PBXFileReference; explicitFileType = "compiled.mach-o.executable"; includeInIndex = 0; path = 1016; sourceTree = BUILT_PRODUCTS_DIR; };
		60CCA7E325103E9200C02F25 /* main.cpp */ = {isa = PBXFileReference; lastKnownFileType = sourcecode.cpp.cpp; path = main.cpp; sourceTree = "<group>"; };
		60CCA7EC2510431E00C02F25 /* 1026 */ = {isa = PBXFileReference; explicitFileType = "compiled.mach-o.executable"; includeInIndex = 0; path = 1026; sourceTree = BUILT_PRODUCTS_DIR; };
		60CCA7EE2510431E00C02F25 /* main.cpp */ = {isa = PBXFileReference; lastKnownFileType = sourcecode.cpp.cpp; path = main.cpp; sourceTree = "<group>"; };
		60CCA7F7251082D500C02F25 /* 1046 */ = {isa = PBXFileReference; explicitFileType = "compiled.mach-o.executable"; includeInIndex = 0; path = 1046; sourceTree = BUILT_PRODUCTS_DIR; };
		60CCA7F9251082D500C02F25 /* main.cpp */ = {isa = PBXFileReference; lastKnownFileType = sourcecode.cpp.cpp; path = main.cpp; sourceTree = "<group>"; };
		60CCA80225108A5F00C02F25 /* 1008 */ = {isa = PBXFileReference; explicitFileType = "compiled.mach-o.executable"; includeInIndex = 0; path = 1008; sourceTree = BUILT_PRODUCTS_DIR; };
		60CCA80D25108A7F00C02F25 /* _1008 */ = {isa = PBXFileReference; explicitFileType = "compiled.mach-o.executable"; includeInIndex = 0; path = _1008; sourceTree = BUILT_PRODUCTS_DIR; };
		60CCA80F25108A7F00C02F25 /* main.cpp */ = {isa = PBXFileReference; lastKnownFileType = sourcecode.cpp.cpp; path = main.cpp; sourceTree = "<group>"; };
		60CCA81825108CD700C02F25 /* 1012 */ = {isa = PBXFileReference; explicitFileType = "compiled.mach-o.executable"; includeInIndex = 0; path = 1012; sourceTree = BUILT_PRODUCTS_DIR; };
		60CCA81A25108CD700C02F25 /* main.cpp */ = {isa = PBXFileReference; lastKnownFileType = sourcecode.cpp.cpp; path = main.cpp; sourceTree = "<group>"; };
		60CCA8232510CC6600C02F25 /* 1018 */ = {isa = PBXFileReference; explicitFileType = "compiled.mach-o.executable"; includeInIndex = 0; path = 1018; sourceTree = BUILT_PRODUCTS_DIR; };
		60CCA8252510CC6600C02F25 /* main.cpp */ = {isa = PBXFileReference; lastKnownFileType = sourcecode.cpp.cpp; path = main.cpp; sourceTree = "<group>"; };
		60CCA82E2511C8D700C02F25 /* 1010 */ = {isa = PBXFileReference; explicitFileType = "compiled.mach-o.executable"; includeInIndex = 0; path = 1010; sourceTree = BUILT_PRODUCTS_DIR; };
		60CCA8302511C8D700C02F25 /* main.cpp */ = {isa = PBXFileReference; lastKnownFileType = sourcecode.cpp.cpp; path = main.cpp; sourceTree = "<group>"; };
		60CCA8392512EB7500C02F25 /* A1042 */ = {isa = PBXFileReference; explicitFileType = "compiled.mach-o.executable"; includeInIndex = 0; path = A1042; sourceTree = BUILT_PRODUCTS_DIR; };
		60CCA83B2512EB7500C02F25 /* main.cpp */ = {isa = PBXFileReference; lastKnownFileType = sourcecode.cpp.cpp; path = main.cpp; sourceTree = "<group>"; };
		60CCA8442512EFDF00C02F25 /* A1046 */ = {isa = PBXFileReference; explicitFileType = "compiled.mach-o.executable"; includeInIndex = 0; path = A1046; sourceTree = BUILT_PRODUCTS_DIR; };
		60CCA8462512EFDF00C02F25 /* main.cpp */ = {isa = PBXFileReference; lastKnownFileType = sourcecode.cpp.cpp; path = main.cpp; sourceTree = "<group>"; };
/* End PBXFileReference section */

/* Begin PBXFrameworksBuildPhase section */
		081AC725250B460000317188 /* Frameworks */ = {
			isa = PBXFrameworksBuildPhase;
			buildActionMask = 2147483647;
			files = (
			);
			runOnlyForDeploymentPostprocessing = 0;
		};
		081AC736250B5E8400317188 /* Frameworks */ = {
			isa = PBXFrameworksBuildPhase;
			buildActionMask = 2147483647;
			files = (
			);
			runOnlyForDeploymentPostprocessing = 0;
		};
		081AC741250B688900317188 /* Frameworks */ = {
			isa = PBXFrameworksBuildPhase;
			buildActionMask = 2147483647;
			files = (
			);
			runOnlyForDeploymentPostprocessing = 0;
		};
		081AC74C250BB56F00317188 /* Frameworks */ = {
			isa = PBXFrameworksBuildPhase;
			buildActionMask = 2147483647;
			files = (
			);
			runOnlyForDeploymentPostprocessing = 0;
		};
		081AC757250BC54400317188 /* Frameworks */ = {
			isa = PBXFrameworksBuildPhase;
			buildActionMask = 2147483647;
			files = (
			);
			runOnlyForDeploymentPostprocessing = 0;
		};
		6010F6F1257F49450050048D /* Frameworks */ = {
			isa = PBXFrameworksBuildPhase;
			buildActionMask = 2147483647;
			files = (
			);
			runOnlyForDeploymentPostprocessing = 0;
		};
		6012B629253DB70F0080A255 /* Frameworks */ = {
			isa = PBXFrameworksBuildPhase;
			buildActionMask = 2147483647;
			files = (
			);
			runOnlyForDeploymentPostprocessing = 0;
		};
		60176DE6257E4092009D4363 /* Frameworks */ = {
			isa = PBXFrameworksBuildPhase;
			buildActionMask = 2147483647;
			files = (
			);
			runOnlyForDeploymentPostprocessing = 0;
		};
		60176E08257E4875009D4363 /* Frameworks */ = {
			isa = PBXFrameworksBuildPhase;
			buildActionMask = 2147483647;
			files = (
			);
			runOnlyForDeploymentPostprocessing = 0;
		};
		60176E2B257F11FF009D4363 /* Frameworks */ = {
			isa = PBXFrameworksBuildPhase;
			buildActionMask = 2147483647;
			files = (
			);
			runOnlyForDeploymentPostprocessing = 0;
		};
		60176E4F257F1955009D4363 /* Frameworks */ = {
			isa = PBXFrameworksBuildPhase;
			buildActionMask = 2147483647;
			files = (
			);
			runOnlyForDeploymentPostprocessing = 0;
		};
		60176E74257F1CBD009D4363 /* Frameworks */ = {
			isa = PBXFrameworksBuildPhase;
			buildActionMask = 2147483647;
			files = (
			);
			runOnlyForDeploymentPostprocessing = 0;
		};
		60C7478325680D2B00C677D3 /* Frameworks */ = {
			isa = PBXFrameworksBuildPhase;
			buildActionMask = 2147483647;
			files = (
			);
			runOnlyForDeploymentPostprocessing = 0;
		};
		60CCA7A7250CE40000C02F25 /* Frameworks */ = {
			isa = PBXFrameworksBuildPhase;
			buildActionMask = 2147483647;
			files = (
			);
			runOnlyForDeploymentPostprocessing = 0;
		};
		60CCA7B2250CE59500C02F25 /* Frameworks */ = {
			isa = PBXFrameworksBuildPhase;
			buildActionMask = 2147483647;
			files = (
			);
			runOnlyForDeploymentPostprocessing = 0;
		};
		60CCA7BD250FABC000C02F25 /* Frameworks */ = {
			isa = PBXFrameworksBuildPhase;
			buildActionMask = 2147483647;
			files = (
			);
			runOnlyForDeploymentPostprocessing = 0;
		};
		60CCA7C8250FAC6800C02F25 /* Frameworks */ = {
			isa = PBXFrameworksBuildPhase;
			buildActionMask = 2147483647;
			files = (
			);
			runOnlyForDeploymentPostprocessing = 0;
		};
		60CCA7D3250FAE8700C02F25 /* Frameworks */ = {
			isa = PBXFrameworksBuildPhase;
			buildActionMask = 2147483647;
			files = (
			);
			runOnlyForDeploymentPostprocessing = 0;
		};
		60CCA7DE25103E9200C02F25 /* Frameworks */ = {
			isa = PBXFrameworksBuildPhase;
			buildActionMask = 2147483647;
			files = (
			);
			runOnlyForDeploymentPostprocessing = 0;
		};
		60CCA7E92510431E00C02F25 /* Frameworks */ = {
			isa = PBXFrameworksBuildPhase;
			buildActionMask = 2147483647;
			files = (
			);
			runOnlyForDeploymentPostprocessing = 0;
		};
		60CCA7F4251082D500C02F25 /* Frameworks */ = {
			isa = PBXFrameworksBuildPhase;
			buildActionMask = 2147483647;
			files = (
			);
			runOnlyForDeploymentPostprocessing = 0;
		};
		60CCA7FF25108A5F00C02F25 /* Frameworks */ = {
			isa = PBXFrameworksBuildPhase;
			buildActionMask = 2147483647;
			files = (
			);
			runOnlyForDeploymentPostprocessing = 0;
		};
		60CCA80A25108A7F00C02F25 /* Frameworks */ = {
			isa = PBXFrameworksBuildPhase;
			buildActionMask = 2147483647;
			files = (
			);
			runOnlyForDeploymentPostprocessing = 0;
		};
		60CCA81525108CD700C02F25 /* Frameworks */ = {
			isa = PBXFrameworksBuildPhase;
			buildActionMask = 2147483647;
			files = (
			);
			runOnlyForDeploymentPostprocessing = 0;
		};
		60CCA8202510CC6600C02F25 /* Frameworks */ = {
			isa = PBXFrameworksBuildPhase;
			buildActionMask = 2147483647;
			files = (
			);
			runOnlyForDeploymentPostprocessing = 0;
		};
		60CCA82B2511C8D700C02F25 /* Frameworks */ = {
			isa = PBXFrameworksBuildPhase;
			buildActionMask = 2147483647;
			files = (
			);
			runOnlyForDeploymentPostprocessing = 0;
		};
		60CCA8362512EB7500C02F25 /* Frameworks */ = {
			isa = PBXFrameworksBuildPhase;
			buildActionMask = 2147483647;
			files = (
			);
			runOnlyForDeploymentPostprocessing = 0;
		};
		60CCA8412512EFDF00C02F25 /* Frameworks */ = {
			isa = PBXFrameworksBuildPhase;
			buildActionMask = 2147483647;
			files = (
			);
			runOnlyForDeploymentPostprocessing = 0;
		};
/* End PBXFrameworksBuildPhase section */

/* Begin PBXGroup section */
		081AC71F250B460000317188 = {
			isa = PBXGroup;
			children = (
				081AC73A250B5E8400317188 /* _2 */,
				081AC745250B688900317188 /* _3 */,
				081AC750250BB56F00317188 /* _4 */,
				081AC75B250BC54400317188 /* _5 */,
				60CCA7AB250CE40000C02F25 /* _1 */,
				60CCA7B6250CE59500C02F25 /* 1_1 */,
				60CCA7C1250FABC000C02F25 /* 2_1 */,
				60CCA7CC250FAC6800C02F25 /* 1001 */,
				60CCA7D7250FAE8700C02F25 /* 1011 */,
				60CCA7E225103E9200C02F25 /* 1016 */,
				60CCA7ED2510431E00C02F25 /* 1026 */,
				60CCA7F8251082D500C02F25 /* 1046 */,
				60CCA80E25108A7F00C02F25 /* _1008 */,
				60CCA81925108CD700C02F25 /* 1012 */,
				60CCA8242510CC6600C02F25 /* 1018 */,
				60CCA82F2511C8D700C02F25 /* 1010 */,
				60CCA83A2512EB7500C02F25 /* A1042 */,
				60CCA8452512EFDF00C02F25 /* A1046 */,
				6012B62D253DB70F0080A255 /* A1065 */,
				60176DEA257E4092009D4363 /* A1002 */,
				60176E0C257E4875009D4363 /* A1009 */,
				60176E2F257F11FF009D4363 /* 1041 */,
				60176E53257F1955009D4363 /* 1004 */,
				60176E78257F1CBD009D4363 /* 1028 */,
				6010F6F5257F49450050048D /* 1032 */,
				081AC729250B460000317188 /* Products */,
			);
			sourceTree = "<group>";
		};
		081AC729250B460000317188 /* Products */ = {
			isa = PBXGroup;
			children = (
				081AC728250B460000317188 /* data-structure */,
				081AC739250B5E8400317188 /* _2 */,
				081AC744250B688900317188 /* _3 */,
				081AC74F250BB56F00317188 /* _4 */,
				081AC75A250BC54400317188 /* _5 */,
				60CCA7AA250CE40000C02F25 /* _1 */,
				60CCA7B5250CE59500C02F25 /* 1_1 */,
				60CCA7C0250FABC000C02F25 /* 2_1 */,
				60CCA7CB250FAC6800C02F25 /* 1001 */,
				60CCA7D6250FAE8700C02F25 /* 1011 */,
				60CCA7E125103E9200C02F25 /* 1016 */,
				60CCA7EC2510431E00C02F25 /* 1026 */,
				60CCA7F7251082D500C02F25 /* 1046 */,
				60CCA80225108A5F00C02F25 /* 1008 */,
				60CCA80D25108A7F00C02F25 /* _1008 */,
				60CCA81825108CD700C02F25 /* 1012 */,
				60CCA8232510CC6600C02F25 /* 1018 */,
				60CCA82E2511C8D700C02F25 /* 1010 */,
				60CCA8392512EB7500C02F25 /* A1042 */,
				60CCA8442512EFDF00C02F25 /* A1046 */,
				6012B62C253DB70F0080A255 /* A1065 */,
				60C7478625680D2B00C677D3 /* LC1343 */,
				60176DE9257E4092009D4363 /* A1002 */,
				60176E0B257E4875009D4363 /* A1009 */,
				60176E2E257F11FF009D4363 /* 1041 */,
				60176E52257F1955009D4363 /* 1004 */,
				60176E77257F1CBD009D4363 /* 1028 */,
				6010F6F4257F49450050048D /* 1032 */,
			);
			name = Products;
			sourceTree = "<group>";
		};
		081AC73A250B5E8400317188 /* _2 */ = {
			isa = PBXGroup;
			children = (
				081AC73B250B5E8400317188 /* main.cpp */,
			);
			path = _2;
			sourceTree = "<group>";
		};
		081AC745250B688900317188 /* _3 */ = {
			isa = PBXGroup;
			children = (
				081AC746250B688900317188 /* main.cpp */,
			);
			path = _3;
			sourceTree = "<group>";
		};
		081AC750250BB56F00317188 /* _4 */ = {
			isa = PBXGroup;
			children = (
				081AC751250BB56F00317188 /* main.cpp */,
			);
			path = _4;
			sourceTree = "<group>";
		};
		081AC75B250BC54400317188 /* _5 */ = {
			isa = PBXGroup;
			children = (
				081AC75C250BC54400317188 /* main.cpp */,
			);
			path = _5;
			sourceTree = "<group>";
		};
		6010F6F5257F49450050048D /* 1032 */ = {
			isa = PBXGroup;
			children = (
				6010F6F6257F49450050048D /* main.cpp */,
			);
			path = 1032;
			sourceTree = "<group>";
		};
		6012B62D253DB70F0080A255 /* A1065 */ = {
			isa = PBXGroup;
			children = (
				6012B62E253DB70F0080A255 /* main.cpp */,
			);
			path = A1065;
			sourceTree = "<group>";
		};
		60176DEA257E4092009D4363 /* A1002 */ = {
			isa = PBXGroup;
			children = (
				60176DEB257E4092009D4363 /* main.cpp */,
			);
			path = A1002;
			sourceTree = "<group>";
		};
		60176E0C257E4875009D4363 /* A1009 */ = {
			isa = PBXGroup;
			children = (
				60176E0D257E4875009D4363 /* main.cpp */,
			);
			path = A1009;
			sourceTree = "<group>";
		};
		60176E2F257F11FF009D4363 /* 1041 */ = {
			isa = PBXGroup;
			children = (
				60176E30257F11FF009D4363 /* main.cpp */,
			);
			path = 1041;
			sourceTree = "<group>";
		};
		60176E53257F1955009D4363 /* 1004 */ = {
			isa = PBXGroup;
			children = (
				60176E54257F1955009D4363 /* main.cpp */,
			);
			path = 1004;
			sourceTree = "<group>";
		};
		60176E78257F1CBD009D4363 /* 1028 */ = {
			isa = PBXGroup;
			children = (
				60176E79257F1CBD009D4363 /* main.cpp */,
			);
			path = 1028;
			sourceTree = "<group>";
		};
		60CCA7AB250CE40000C02F25 /* _1 */ = {
			isa = PBXGroup;
			children = (
				60CCA7AC250CE40000C02F25 /* main.cpp */,
			);
			path = _1;
			sourceTree = "<group>";
		};
		60CCA7B6250CE59500C02F25 /* 1_1 */ = {
			isa = PBXGroup;
			children = (
				60CCA7B7250CE59500C02F25 /* main.cpp */,
			);
			path = 1_1;
			sourceTree = "<group>";
		};
		60CCA7C1250FABC000C02F25 /* 2_1 */ = {
			isa = PBXGroup;
			children = (
				60CCA7C2250FABC000C02F25 /* main.cpp */,
			);
			path = 2_1;
			sourceTree = "<group>";
		};
		60CCA7CC250FAC6800C02F25 /* 1001 */ = {
			isa = PBXGroup;
			children = (
				60CCA7CD250FAC6800C02F25 /* main.cpp */,
			);
			path = 1001;
			sourceTree = "<group>";
		};
		60CCA7D7250FAE8700C02F25 /* 1011 */ = {
			isa = PBXGroup;
			children = (
				60CCA7D8250FAE8700C02F25 /* main.cpp */,
			);
			path = 1011;
			sourceTree = "<group>";
		};
		60CCA7E225103E9200C02F25 /* 1016 */ = {
			isa = PBXGroup;
			children = (
				60CCA7E325103E9200C02F25 /* main.cpp */,
			);
			path = 1016;
			sourceTree = "<group>";
		};
		60CCA7ED2510431E00C02F25 /* 1026 */ = {
			isa = PBXGroup;
			children = (
				60CCA7EE2510431E00C02F25 /* main.cpp */,
			);
			path = 1026;
			sourceTree = "<group>";
		};
		60CCA7F8251082D500C02F25 /* 1046 */ = {
			isa = PBXGroup;
			children = (
				60CCA7F9251082D500C02F25 /* main.cpp */,
			);
			path = 1046;
			sourceTree = "<group>";
		};
		60CCA80E25108A7F00C02F25 /* _1008 */ = {
			isa = PBXGroup;
			children = (
				60CCA80F25108A7F00C02F25 /* main.cpp */,
			);
			path = _1008;
			sourceTree = "<group>";
		};
		60CCA81925108CD700C02F25 /* 1012 */ = {
			isa = PBXGroup;
			children = (
				60CCA81A25108CD700C02F25 /* main.cpp */,
			);
			path = 1012;
			sourceTree = "<group>";
		};
		60CCA8242510CC6600C02F25 /* 1018 */ = {
			isa = PBXGroup;
			children = (
				60CCA8252510CC6600C02F25 /* main.cpp */,
			);
			path = 1018;
			sourceTree = "<group>";
		};
		60CCA82F2511C8D700C02F25 /* 1010 */ = {
			isa = PBXGroup;
			children = (
				60CCA8302511C8D700C02F25 /* main.cpp */,
			);
			path = 1010;
			sourceTree = "<group>";
		};
		60CCA83A2512EB7500C02F25 /* A1042 */ = {
			isa = PBXGroup;
			children = (
				60CCA83B2512EB7500C02F25 /* main.cpp */,
			);
			path = A1042;
			sourceTree = "<group>";
		};
		60CCA8452512EFDF00C02F25 /* A1046 */ = {
			isa = PBXGroup;
			children = (
				60CCA8462512EFDF00C02F25 /* main.cpp */,
			);
			path = A1046;
			sourceTree = "<group>";
		};
/* End PBXGroup section */

/* Begin PBXNativeTarget section */
		081AC727250B460000317188 /* data-structure */ = {
			isa = PBXNativeTarget;
			buildConfigurationList = 081AC72F250B460000317188 /* Build configuration list for PBXNativeTarget "data-structure" */;
			buildPhases = (
				081AC724250B460000317188 /* Sources */,
				081AC725250B460000317188 /* Frameworks */,
				081AC726250B460000317188 /* CopyFiles */,
			);
			buildRules = (
			);
			dependencies = (
			);
			name = "data-structure";
			productName = "data-structure";
			productReference = 081AC728250B460000317188 /* data-structure */;
			productType = "com.apple.product-type.tool";
		};
		081AC738250B5E8400317188 /* _2 */ = {
			isa = PBXNativeTarget;
			buildConfigurationList = 081AC73D250B5E8400317188 /* Build configuration list for PBXNativeTarget "_2" */;
			buildPhases = (
				081AC735250B5E8400317188 /* Sources */,
				081AC736250B5E8400317188 /* Frameworks */,
				081AC737250B5E8400317188 /* CopyFiles */,
			);
			buildRules = (
			);
			dependencies = (
			);
			name = _2;
			productName = _2;
			productReference = 081AC739250B5E8400317188 /* _2 */;
			productType = "com.apple.product-type.tool";
		};
		081AC743250B688900317188 /* _3 */ = {
			isa = PBXNativeTarget;
			buildConfigurationList = 081AC748250B688900317188 /* Build configuration list for PBXNativeTarget "_3" */;
			buildPhases = (
				081AC740250B688900317188 /* Sources */,
				081AC741250B688900317188 /* Frameworks */,
				081AC742250B688900317188 /* CopyFiles */,
			);
			buildRules = (
			);
			dependencies = (
			);
			name = _3;
			productName = _3;
			productReference = 081AC744250B688900317188 /* _3 */;
			productType = "com.apple.product-type.tool";
		};
		081AC74E250BB56F00317188 /* _4 */ = {
			isa = PBXNativeTarget;
			buildConfigurationList = 081AC753250BB56F00317188 /* Build configuration list for PBXNativeTarget "_4" */;
			buildPhases = (
				081AC74B250BB56F00317188 /* Sources */,
				081AC74C250BB56F00317188 /* Frameworks */,
				081AC74D250BB56F00317188 /* CopyFiles */,
			);
			buildRules = (
			);
			dependencies = (
			);
			name = _4;
			productName = _4;
			productReference = 081AC74F250BB56F00317188 /* _4 */;
			productType = "com.apple.product-type.tool";
		};
		081AC759250BC54400317188 /* _5 */ = {
			isa = PBXNativeTarget;
			buildConfigurationList = 081AC75E250BC54400317188 /* Build configuration list for PBXNativeTarget "_5" */;
			buildPhases = (
				081AC756250BC54400317188 /* Sources */,
				081AC757250BC54400317188 /* Frameworks */,
				081AC758250BC54400317188 /* CopyFiles */,
			);
			buildRules = (
			);
			dependencies = (
			);
			name = _5;
			productName = _5;
			productReference = 081AC75A250BC54400317188 /* _5 */;
			productType = "com.apple.product-type.tool";
		};
		6010F6F3257F49450050048D /* 1032 */ = {
			isa = PBXNativeTarget;
			buildConfigurationList = 6010F6FA257F49450050048D /* Build configuration list for PBXNativeTarget "1032" */;
			buildPhases = (
				6010F6F0257F49450050048D /* Sources */,
				6010F6F1257F49450050048D /* Frameworks */,
				6010F6F2257F49450050048D /* CopyFiles */,
			);
			buildRules = (
			);
			dependencies = (
			);
			name = 1032;
			productName = 1032;
			productReference = 6010F6F4257F49450050048D /* 1032 */;
			productType = "com.apple.product-type.tool";
		};
		6012B62B253DB70F0080A255 /* A1065 */ = {
			isa = PBXNativeTarget;
			buildConfigurationList = 6012B632253DB70F0080A255 /* Build configuration list for PBXNativeTarget "A1065" */;
			buildPhases = (
				6012B628253DB70F0080A255 /* Sources */,
				6012B629253DB70F0080A255 /* Frameworks */,
				6012B62A253DB70F0080A255 /* CopyFiles */,
			);
			buildRules = (
			);
			dependencies = (
			);
			name = A1065;
			productName = A1065;
			productReference = 6012B62C253DB70F0080A255 /* A1065 */;
			productType = "com.apple.product-type.tool";
		};
		60176DE8257E4092009D4363 /* A1002 */ = {
			isa = PBXNativeTarget;
			buildConfigurationList = 60176DED257E4092009D4363 /* Build configuration list for PBXNativeTarget "A1002" */;
			buildPhases = (
				60176DE5257E4092009D4363 /* Sources */,
				60176DE6257E4092009D4363 /* Frameworks */,
				60176DE7257E4092009D4363 /* CopyFiles */,
			);
			buildRules = (
			);
			dependencies = (
			);
			name = A1002;
			productName = A1002;
			productReference = 60176DE9257E4092009D4363 /* A1002 */;
			productType = "com.apple.product-type.tool";
		};
		60176E0A257E4875009D4363 /* A1009 */ = {
			isa = PBXNativeTarget;
			buildConfigurationList = 60176E0F257E4875009D4363 /* Build configuration list for PBXNativeTarget "A1009" */;
			buildPhases = (
				60176E07257E4875009D4363 /* Sources */,
				60176E08257E4875009D4363 /* Frameworks */,
				60176E09257E4875009D4363 /* CopyFiles */,
			);
			buildRules = (
			);
			dependencies = (
			);
			name = A1009;
			productName = A1009;
			productReference = 60176E0B257E4875009D4363 /* A1009 */;
			productType = "com.apple.product-type.tool";
		};
		60176E2D257F11FF009D4363 /* 1041 */ = {
			isa = PBXNativeTarget;
			buildConfigurationList = 60176E32257F11FF009D4363 /* Build configuration list for PBXNativeTarget "1041" */;
			buildPhases = (
				60176E2A257F11FF009D4363 /* Sources */,
				60176E2B257F11FF009D4363 /* Frameworks */,
				60176E2C257F11FF009D4363 /* CopyFiles */,
			);
			buildRules = (
			);
			dependencies = (
			);
			name = 1041;
			productName = 1041;
			productReference = 60176E2E257F11FF009D4363 /* 1041 */;
			productType = "com.apple.product-type.tool";
		};
		60176E51257F1955009D4363 /* 1004 */ = {
			isa = PBXNativeTarget;
			buildConfigurationList = 60176E56257F1955009D4363 /* Build configuration list for PBXNativeTarget "1004" */;
			buildPhases = (
				60176E4E257F1955009D4363 /* Sources */,
				60176E4F257F1955009D4363 /* Frameworks */,
				60176E50257F1955009D4363 /* CopyFiles */,
			);
			buildRules = (
			);
			dependencies = (
			);
			name = 1004;
			productName = 1004;
			productReference = 60176E52257F1955009D4363 /* 1004 */;
			productType = "com.apple.product-type.tool";
		};
		60176E76257F1CBD009D4363 /* 1028 */ = {
			isa = PBXNativeTarget;
			buildConfigurationList = 60176E7B257F1CBD009D4363 /* Build configuration list for PBXNativeTarget "1028" */;
			buildPhases = (
				60176E73257F1CBD009D4363 /* Sources */,
				60176E74257F1CBD009D4363 /* Frameworks */,
				60176E75257F1CBD009D4363 /* CopyFiles */,
			);
			buildRules = (
			);
			dependencies = (
			);
			name = 1028;
			productName = 1028;
			productReference = 60176E77257F1CBD009D4363 /* 1028 */;
			productType = "com.apple.product-type.tool";
		};
		60C7478525680D2B00C677D3 /* LC1343 */ = {
			isa = PBXNativeTarget;
			buildConfigurationList = 60C7478C25680D2B00C677D3 /* Build configuration list for PBXNativeTarget "LC1343" */;
			buildPhases = (
				60C7478225680D2B00C677D3 /* Sources */,
				60C7478325680D2B00C677D3 /* Frameworks */,
				60C7478425680D2B00C677D3 /* CopyFiles */,
			);
			buildRules = (
			);
			dependencies = (
			);
			name = LC1343;
			productName = LC1343;
			productReference = 60C7478625680D2B00C677D3 /* LC1343 */;
			productType = "com.apple.product-type.tool";
		};
		60CCA7A9250CE40000C02F25 /* _1 */ = {
			isa = PBXNativeTarget;
			buildConfigurationList = 60CCA7B0250CE40000C02F25 /* Build configuration list for PBXNativeTarget "_1" */;
			buildPhases = (
				60CCA7A6250CE40000C02F25 /* Sources */,
				60CCA7A7250CE40000C02F25 /* Frameworks */,
				60CCA7A8250CE40000C02F25 /* CopyFiles */,
			);
			buildRules = (
			);
			dependencies = (
			);
			name = _1;
			productName = _1;
			productReference = 60CCA7AA250CE40000C02F25 /* _1 */;
			productType = "com.apple.product-type.tool";
		};
		60CCA7B4250CE59500C02F25 /* 1_1 */ = {
			isa = PBXNativeTarget;
			buildConfigurationList = 60CCA7B9250CE59500C02F25 /* Build configuration list for PBXNativeTarget "1_1" */;
			buildPhases = (
				60CCA7B1250CE59500C02F25 /* Sources */,
				60CCA7B2250CE59500C02F25 /* Frameworks */,
				60CCA7B3250CE59500C02F25 /* CopyFiles */,
			);
			buildRules = (
			);
			dependencies = (
			);
			name = 1_1;
			productName = 1_1;
			productReference = 60CCA7B5250CE59500C02F25 /* 1_1 */;
			productType = "com.apple.product-type.tool";
		};
		60CCA7BF250FABC000C02F25 /* 2_1 */ = {
			isa = PBXNativeTarget;
			buildConfigurationList = 60CCA7C4250FABC000C02F25 /* Build configuration list for PBXNativeTarget "2_1" */;
			buildPhases = (
				60CCA7BC250FABC000C02F25 /* Sources */,
				60CCA7BD250FABC000C02F25 /* Frameworks */,
				60CCA7BE250FABC000C02F25 /* CopyFiles */,
			);
			buildRules = (
			);
			dependencies = (
			);
			name = 2_1;
			productName = 2_1;
			productReference = 60CCA7C0250FABC000C02F25 /* 2_1 */;
			productType = "com.apple.product-type.tool";
		};
		60CCA7CA250FAC6800C02F25 /* 1001 */ = {
			isa = PBXNativeTarget;
			buildConfigurationList = 60CCA7CF250FAC6800C02F25 /* Build configuration list for PBXNativeTarget "1001" */;
			buildPhases = (
				60CCA7C7250FAC6800C02F25 /* Sources */,
				60CCA7C8250FAC6800C02F25 /* Frameworks */,
				60CCA7C9250FAC6800C02F25 /* CopyFiles */,
			);
			buildRules = (
			);
			dependencies = (
			);
			name = 1001;
			productName = 1001;
			productReference = 60CCA7CB250FAC6800C02F25 /* 1001 */;
			productType = "com.apple.product-type.tool";
		};
		60CCA7D5250FAE8700C02F25 /* 1011 */ = {
			isa = PBXNativeTarget;
			buildConfigurationList = 60CCA7DA250FAE8700C02F25 /* Build configuration list for PBXNativeTarget "1011" */;
			buildPhases = (
				60CCA7D2250FAE8700C02F25 /* Sources */,
				60CCA7D3250FAE8700C02F25 /* Frameworks */,
				60CCA7D4250FAE8700C02F25 /* CopyFiles */,
			);
			buildRules = (
			);
			dependencies = (
			);
			name = 1011;
			productName = 1011;
			productReference = 60CCA7D6250FAE8700C02F25 /* 1011 */;
			productType = "com.apple.product-type.tool";
		};
		60CCA7E025103E9200C02F25 /* 1016 */ = {
			isa = PBXNativeTarget;
			buildConfigurationList = 60CCA7E525103E9200C02F25 /* Build configuration list for PBXNativeTarget "1016" */;
			buildPhases = (
				60CCA7DD25103E9200C02F25 /* Sources */,
				60CCA7DE25103E9200C02F25 /* Frameworks */,
				60CCA7DF25103E9200C02F25 /* CopyFiles */,
			);
			buildRules = (
			);
			dependencies = (
			);
			name = 1016;
			productName = 1016;
			productReference = 60CCA7E125103E9200C02F25 /* 1016 */;
			productType = "com.apple.product-type.tool";
		};
		60CCA7EB2510431E00C02F25 /* 1026 */ = {
			isa = PBXNativeTarget;
			buildConfigurationList = 60CCA7F02510431E00C02F25 /* Build configuration list for PBXNativeTarget "1026" */;
			buildPhases = (
				60CCA7E82510431E00C02F25 /* Sources */,
				60CCA7E92510431E00C02F25 /* Frameworks */,
				60CCA7EA2510431E00C02F25 /* CopyFiles */,
			);
			buildRules = (
			);
			dependencies = (
			);
			name = 1026;
			productName = 1026;
			productReference = 60CCA7EC2510431E00C02F25 /* 1026 */;
			productType = "com.apple.product-type.tool";
		};
		60CCA7F6251082D500C02F25 /* 1046 */ = {
			isa = PBXNativeTarget;
			buildConfigurationList = 60CCA7FB251082D500C02F25 /* Build configuration list for PBXNativeTarget "1046" */;
			buildPhases = (
				60CCA7F3251082D500C02F25 /* Sources */,
				60CCA7F4251082D500C02F25 /* Frameworks */,
				60CCA7F5251082D500C02F25 /* CopyFiles */,
			);
			buildRules = (
			);
			dependencies = (
			);
			name = 1046;
			productName = 1046;
			productReference = 60CCA7F7251082D500C02F25 /* 1046 */;
			productType = "com.apple.product-type.tool";
		};
		60CCA80125108A5F00C02F25 /* 1008 */ = {
			isa = PBXNativeTarget;
			buildConfigurationList = 60CCA80625108A5F00C02F25 /* Build configuration list for PBXNativeTarget "1008" */;
			buildPhases = (
				60CCA7FE25108A5F00C02F25 /* Sources */,
				60CCA7FF25108A5F00C02F25 /* Frameworks */,
				60CCA80025108A5F00C02F25 /* CopyFiles */,
			);
			buildRules = (
			);
			dependencies = (
			);
			name = 1008;
			productName = 1008;
			productReference = 60CCA80225108A5F00C02F25 /* 1008 */;
			productType = "com.apple.product-type.tool";
		};
		60CCA80C25108A7F00C02F25 /* _1008 */ = {
			isa = PBXNativeTarget;
			buildConfigurationList = 60CCA81125108A7F00C02F25 /* Build configuration list for PBXNativeTarget "_1008" */;
			buildPhases = (
				60CCA80925108A7F00C02F25 /* Sources */,
				60CCA80A25108A7F00C02F25 /* Frameworks */,
				60CCA80B25108A7F00C02F25 /* CopyFiles */,
			);
			buildRules = (
			);
			dependencies = (
			);
			name = _1008;
			productName = _1008;
			productReference = 60CCA80D25108A7F00C02F25 /* _1008 */;
			productType = "com.apple.product-type.tool";
		};
		60CCA81725108CD700C02F25 /* 1012 */ = {
			isa = PBXNativeTarget;
			buildConfigurationList = 60CCA81C25108CD700C02F25 /* Build configuration list for PBXNativeTarget "1012" */;
			buildPhases = (
				60CCA81425108CD700C02F25 /* Sources */,
				60CCA81525108CD700C02F25 /* Frameworks */,
				60CCA81625108CD700C02F25 /* CopyFiles */,
			);
			buildRules = (
			);
			dependencies = (
			);
			name = 1012;
			productName = 1012;
			productReference = 60CCA81825108CD700C02F25 /* 1012 */;
			productType = "com.apple.product-type.tool";
		};
		60CCA8222510CC6600C02F25 /* 1018 */ = {
			isa = PBXNativeTarget;
			buildConfigurationList = 60CCA8272510CC6600C02F25 /* Build configuration list for PBXNativeTarget "1018" */;
			buildPhases = (
				60CCA81F2510CC6600C02F25 /* Sources */,
				60CCA8202510CC6600C02F25 /* Frameworks */,
				60CCA8212510CC6600C02F25 /* CopyFiles */,
			);
			buildRules = (
			);
			dependencies = (
			);
			name = 1018;
			productName = 1018;
			productReference = 60CCA8232510CC6600C02F25 /* 1018 */;
			productType = "com.apple.product-type.tool";
		};
		60CCA82D2511C8D700C02F25 /* 1010 */ = {
			isa = PBXNativeTarget;
			buildConfigurationList = 60CCA8322511C8D700C02F25 /* Build configuration list for PBXNativeTarget "1010" */;
			buildPhases = (
				60CCA82A2511C8D700C02F25 /* Sources */,
				60CCA82B2511C8D700C02F25 /* Frameworks */,
				60CCA82C2511C8D700C02F25 /* CopyFiles */,
			);
			buildRules = (
			);
			dependencies = (
			);
			name = 1010;
			productName = 1010;
			productReference = 60CCA82E2511C8D700C02F25 /* 1010 */;
			productType = "com.apple.product-type.tool";
		};
		60CCA8382512EB7500C02F25 /* A1042 */ = {
			isa = PBXNativeTarget;
			buildConfigurationList = 60CCA83D2512EB7500C02F25 /* Build configuration list for PBXNativeTarget "A1042" */;
			buildPhases = (
				60CCA8352512EB7500C02F25 /* Sources */,
				60CCA8362512EB7500C02F25 /* Frameworks */,
				60CCA8372512EB7500C02F25 /* CopyFiles */,
			);
			buildRules = (
			);
			dependencies = (
			);
			name = A1042;
			productName = A1042;
			productReference = 60CCA8392512EB7500C02F25 /* A1042 */;
			productType = "com.apple.product-type.tool";
		};
		60CCA8432512EFDF00C02F25 /* A1046 */ = {
			isa = PBXNativeTarget;
			buildConfigurationList = 60CCA8482512EFDF00C02F25 /* Build configuration list for PBXNativeTarget "A1046" */;
			buildPhases = (
				60CCA8402512EFDF00C02F25 /* Sources */,
				60CCA8412512EFDF00C02F25 /* Frameworks */,
				60CCA8422512EFDF00C02F25 /* CopyFiles */,
			);
			buildRules = (
			);
			dependencies = (
			);
			name = A1046;
			productName = A1046;
			productReference = 60CCA8442512EFDF00C02F25 /* A1046 */;
			productType = "com.apple.product-type.tool";
		};
/* End PBXNativeTarget section */

/* Begin PBXProject section */
		081AC720250B460000317188 /* Project object */ = {
			isa = PBXProject;
			attributes = {
				LastSwiftUpdateCheck = 1160;
				LastUpgradeCheck = 1170;
				ORGANIZATIONNAME = xihe;
				TargetAttributes = {
					081AC727250B460000317188 = {
						CreatedOnToolsVersion = 11.7;
					};
					081AC738250B5E8400317188 = {
						CreatedOnToolsVersion = 11.7;
					};
					081AC743250B688900317188 = {
						CreatedOnToolsVersion = 11.7;
					};
					081AC74E250BB56F00317188 = {
						CreatedOnToolsVersion = 11.7;
					};
					081AC759250BC54400317188 = {
						CreatedOnToolsVersion = 11.7;
					};
					6010F6F3257F49450050048D = {
						CreatedOnToolsVersion = 12.2;
					};
					6012B62B253DB70F0080A255 = {
						CreatedOnToolsVersion = 12.0.1;
					};
					60176DE8257E4092009D4363 = {
						CreatedOnToolsVersion = 12.2;
					};
					60176E0A257E4875009D4363 = {
						CreatedOnToolsVersion = 12.2;
					};
					60176E2D257F11FF009D4363 = {
						CreatedOnToolsVersion = 12.2;
					};
					60176E51257F1955009D4363 = {
						CreatedOnToolsVersion = 12.2;
					};
					60176E76257F1CBD009D4363 = {
						CreatedOnToolsVersion = 12.2;
					};
					60C7478525680D2B00C677D3 = {
						CreatedOnToolsVersion = 12.1;
					};
					60CCA7A9250CE40000C02F25 = {
						CreatedOnToolsVersion = 11.6;
					};
					60CCA7B4250CE59500C02F25 = {
						CreatedOnToolsVersion = 11.6;
					};
					60CCA7BF250FABC000C02F25 = {
						CreatedOnToolsVersion = 11.6;
					};
					60CCA7CA250FAC6800C02F25 = {
						CreatedOnToolsVersion = 11.6;
					};
					60CCA7D5250FAE8700C02F25 = {
						CreatedOnToolsVersion = 11.6;
					};
					60CCA7E025103E9200C02F25 = {
						CreatedOnToolsVersion = 11.6;
					};
					60CCA7EB2510431E00C02F25 = {
						CreatedOnToolsVersion = 11.6;
					};
					60CCA7F6251082D500C02F25 = {
						CreatedOnToolsVersion = 11.6;
					};
					60CCA80125108A5F00C02F25 = {
						CreatedOnToolsVersion = 11.6;
					};
					60CCA80C25108A7F00C02F25 = {
						CreatedOnToolsVersion = 11.6;
					};
					60CCA81725108CD700C02F25 = {
						CreatedOnToolsVersion = 11.6;
					};
					60CCA8222510CC6600C02F25 = {
						CreatedOnToolsVersion = 11.6;
					};
					60CCA82D2511C8D700C02F25 = {
						CreatedOnToolsVersion = 11.6;
					};
					60CCA8382512EB7500C02F25 = {
						CreatedOnToolsVersion = 11.6;
					};
					60CCA8432512EFDF00C02F25 = {
						CreatedOnToolsVersion = 11.6;
					};
				};
			};
			buildConfigurationList = 081AC723250B460000317188 /* Build configuration list for PBXProject "data-structure" */;
			compatibilityVersion = "Xcode 9.3";
			developmentRegion = en;
			hasScannedForEncodings = 0;
			knownRegions = (
				en,
				Base,
			);
			mainGroup = 081AC71F250B460000317188;
			productRefGroup = 081AC729250B460000317188 /* Products */;
			projectDirPath = "";
			projectRoot = "";
			targets = (
				081AC727250B460000317188 /* data-structure */,
				081AC738250B5E8400317188 /* _2 */,
				081AC743250B688900317188 /* _3 */,
				081AC74E250BB56F00317188 /* _4 */,
				081AC759250BC54400317188 /* _5 */,
				60CCA7A9250CE40000C02F25 /* _1 */,
				60CCA7B4250CE59500C02F25 /* 1_1 */,
				60CCA7BF250FABC000C02F25 /* 2_1 */,
				60CCA7CA250FAC6800C02F25 /* 1001 */,
				60CCA7D5250FAE8700C02F25 /* 1011 */,
				60CCA7E025103E9200C02F25 /* 1016 */,
				60CCA7EB2510431E00C02F25 /* 1026 */,
				60CCA7F6251082D500C02F25 /* 1046 */,
				60CCA80125108A5F00C02F25 /* 1008 */,
				60CCA80C25108A7F00C02F25 /* _1008 */,
				60CCA81725108CD700C02F25 /* 1012 */,
				60CCA8222510CC6600C02F25 /* 1018 */,
				60CCA82D2511C8D700C02F25 /* 1010 */,
				60CCA8382512EB7500C02F25 /* A1042 */,
				60CCA8432512EFDF00C02F25 /* A1046 */,
				6012B62B253DB70F0080A255 /* A1065 */,
				60C7478525680D2B00C677D3 /* LC1343 */,
				60176DE8257E4092009D4363 /* A1002 */,
				60176E0A257E4875009D4363 /* A1009 */,
				60176E2D257F11FF009D4363 /* 1041 */,
				60176E51257F1955009D4363 /* 1004 */,
				60176E76257F1CBD009D4363 /* 1028 */,
				6010F6F3257F49450050048D /* 1032 */,
			);
		};
/* End PBXProject section */

/* Begin PBXSourcesBuildPhase section */
		081AC724250B460000317188 /* Sources */ = {
			isa = PBXSourcesBuildPhase;
			buildActionMask = 2147483647;
			files = (
			);
			runOnlyForDeploymentPostprocessing = 0;
		};
		081AC735250B5E8400317188 /* Sources */ = {
			isa = PBXSourcesBuildPhase;
			buildActionMask = 2147483647;
			files = (
				081AC73C250B5E8400317188 /* main.cpp in Sources */,
			);
			runOnlyForDeploymentPostprocessing = 0;
		};
		081AC740250B688900317188 /* Sources */ = {
			isa = PBXSourcesBuildPhase;
			buildActionMask = 2147483647;
			files = (
				081AC747250B688900317188 /* main.cpp in Sources */,
			);
			runOnlyForDeploymentPostprocessing = 0;
		};
		081AC74B250BB56F00317188 /* Sources */ = {
			isa = PBXSourcesBuildPhase;
			buildActionMask = 2147483647;
			files = (
				081AC752250BB56F00317188 /* main.cpp in Sources */,
			);
			runOnlyForDeploymentPostprocessing = 0;
		};
		081AC756250BC54400317188 /* Sources */ = {
			isa = PBXSourcesBuildPhase;
			buildActionMask = 2147483647;
			files = (
				081AC75D250BC54400317188 /* main.cpp in Sources */,
			);
			runOnlyForDeploymentPostprocessing = 0;
		};
		6010F6F0257F49450050048D /* Sources */ = {
			isa = PBXSourcesBuildPhase;
			buildActionMask = 2147483647;
			files = (
				6010F6F7257F49450050048D /* main.cpp in Sources */,
			);
			runOnlyForDeploymentPostprocessing = 0;
		};
		6012B628253DB70F0080A255 /* Sources */ = {
			isa = PBXSourcesBuildPhase;
			buildActionMask = 2147483647;
			files = (
				6012B62F253DB70F0080A255 /* main.cpp in Sources */,
			);
			runOnlyForDeploymentPostprocessing = 0;
		};
		60176DE5257E4092009D4363 /* Sources */ = {
			isa = PBXSourcesBuildPhase;
			buildActionMask = 2147483647;
			files = (
				60176DEC257E4092009D4363 /* main.cpp in Sources */,
			);
			runOnlyForDeploymentPostprocessing = 0;
		};
		60176E07257E4875009D4363 /* Sources */ = {
			isa = PBXSourcesBuildPhase;
			buildActionMask = 2147483647;
			files = (
				60176E0E257E4875009D4363 /* main.cpp in Sources */,
			);
			runOnlyForDeploymentPostprocessing = 0;
		};
		60176E2A257F11FF009D4363 /* Sources */ = {
			isa = PBXSourcesBuildPhase;
			buildActionMask = 2147483647;
			files = (
				60176E31257F11FF009D4363 /* main.cpp in Sources */,
			);
			runOnlyForDeploymentPostprocessing = 0;
		};
		60176E4E257F1955009D4363 /* Sources */ = {
			isa = PBXSourcesBuildPhase;
			buildActionMask = 2147483647;
			files = (
				60176E55257F1955009D4363 /* main.cpp in Sources */,
			);
			runOnlyForDeploymentPostprocessing = 0;
		};
		60176E73257F1CBD009D4363 /* Sources */ = {
			isa = PBXSourcesBuildPhase;
			buildActionMask = 2147483647;
			files = (
				60176E7A257F1CBD009D4363 /* main.cpp in Sources */,
			);
			runOnlyForDeploymentPostprocessing = 0;
		};
		60C7478225680D2B00C677D3 /* Sources */ = {
			isa = PBXSourcesBuildPhase;
			buildActionMask = 2147483647;
			files = (
			);
			runOnlyForDeploymentPostprocessing = 0;
		};
		60CCA7A6250CE40000C02F25 /* Sources */ = {
			isa = PBXSourcesBuildPhase;
			buildActionMask = 2147483647;
			files = (
				60CCA7AD250CE40000C02F25 /* main.cpp in Sources */,
			);
			runOnlyForDeploymentPostprocessing = 0;
		};
		60CCA7B1250CE59500C02F25 /* Sources */ = {
			isa = PBXSourcesBuildPhase;
			buildActionMask = 2147483647;
			files = (
				60CCA7B8250CE59500C02F25 /* main.cpp in Sources */,
			);
			runOnlyForDeploymentPostprocessing = 0;
		};
		60CCA7BC250FABC000C02F25 /* Sources */ = {
			isa = PBXSourcesBuildPhase;
			buildActionMask = 2147483647;
			files = (
				60CCA7C3250FABC000C02F25 /* main.cpp in Sources */,
			);
			runOnlyForDeploymentPostprocessing = 0;
		};
		60CCA7C7250FAC6800C02F25 /* Sources */ = {
			isa = PBXSourcesBuildPhase;
			buildActionMask = 2147483647;
			files = (
				60CCA7CE250FAC6800C02F25 /* main.cpp in Sources */,
			);
			runOnlyForDeploymentPostprocessing = 0;
		};
		60CCA7D2250FAE8700C02F25 /* Sources */ = {
			isa = PBXSourcesBuildPhase;
			buildActionMask = 2147483647;
			files = (
				60CCA7D9250FAE8700C02F25 /* main.cpp in Sources */,
			);
			runOnlyForDeploymentPostprocessing = 0;
		};
		60CCA7DD25103E9200C02F25 /* Sources */ = {
			isa = PBXSourcesBuildPhase;
			buildActionMask = 2147483647;
			files = (
				60CCA7E425103E9200C02F25 /* main.cpp in Sources */,
			);
			runOnlyForDeploymentPostprocessing = 0;
		};
		60CCA7E82510431E00C02F25 /* Sources */ = {
			isa = PBXSourcesBuildPhase;
			buildActionMask = 2147483647;
			files = (
				60CCA7EF2510431E00C02F25 /* main.cpp in Sources */,
			);
			runOnlyForDeploymentPostprocessing = 0;
		};
		60CCA7F3251082D500C02F25 /* Sources */ = {
			isa = PBXSourcesBuildPhase;
			buildActionMask = 2147483647;
			files = (
				60CCA7FA251082D500C02F25 /* main.cpp in Sources */,
			);
			runOnlyForDeploymentPostprocessing = 0;
		};
		60CCA7FE25108A5F00C02F25 /* Sources */ = {
			isa = PBXSourcesBuildPhase;
			buildActionMask = 2147483647;
			files = (
			);
			runOnlyForDeploymentPostprocessing = 0;
		};
		60CCA80925108A7F00C02F25 /* Sources */ = {
			isa = PBXSourcesBuildPhase;
			buildActionMask = 2147483647;
			files = (
				60CCA81025108A7F00C02F25 /* main.cpp in Sources */,
			);
			runOnlyForDeploymentPostprocessing = 0;
		};
		60CCA81425108CD700C02F25 /* Sources */ = {
			isa = PBXSourcesBuildPhase;
			buildActionMask = 2147483647;
			files = (
				60CCA81B25108CD700C02F25 /* main.cpp in Sources */,
			);
			runOnlyForDeploymentPostprocessing = 0;
		};
		60CCA81F2510CC6600C02F25 /* Sources */ = {
			isa = PBXSourcesBuildPhase;
			buildActionMask = 2147483647;
			files = (
				60CCA8262510CC6600C02F25 /* main.cpp in Sources */,
			);
			runOnlyForDeploymentPostprocessing = 0;
		};
		60CCA82A2511C8D700C02F25 /* Sources */ = {
			isa = PBXSourcesBuildPhase;
			buildActionMask = 2147483647;
			files = (
				60CCA8312511C8D700C02F25 /* main.cpp in Sources */,
			);
			runOnlyForDeploymentPostprocessing = 0;
		};
		60CCA8352512EB7500C02F25 /* Sources */ = {
			isa = PBXSourcesBuildPhase;
			buildActionMask = 2147483647;
			files = (
				60CCA83C2512EB7500C02F25 /* main.cpp in Sources */,
			);
			runOnlyForDeploymentPostprocessing = 0;
		};
		60CCA8402512EFDF00C02F25 /* Sources */ = {
			isa = PBXSourcesBuildPhase;
			buildActionMask = 2147483647;
			files = (
				60176DCE2577B48A009D4363 /* main.cpp in Sources */,
			);
			runOnlyForDeploymentPostprocessing = 0;
		};
/* End PBXSourcesBuildPhase section */

/* Begin XCBuildConfiguration section */
		081AC72D250B460000317188 /* Debug */ = {
			isa = XCBuildConfiguration;
			buildSettings = {
				ALWAYS_SEARCH_USER_PATHS = NO;
				CLANG_ANALYZER_NONNULL = YES;
				CLANG_ANALYZER_NUMBER_OBJECT_CONVERSION = YES_AGGRESSIVE;
				CLANG_CXX_LANGUAGE_STANDARD = "gnu++14";
				CLANG_CXX_LIBRARY = "libc++";
				CLANG_ENABLE_MODULES = YES;
				CLANG_ENABLE_OBJC_ARC = YES;
				CLANG_ENABLE_OBJC_WEAK = YES;
				CLANG_WARN_BLOCK_CAPTURE_AUTORELEASING = YES;
				CLANG_WARN_BOOL_CONVERSION = YES;
				CLANG_WARN_COMMA = YES;
				CLANG_WARN_CONSTANT_CONVERSION = YES;
				CLANG_WARN_DEPRECATED_OBJC_IMPLEMENTATIONS = YES;
				CLANG_WARN_DIRECT_OBJC_ISA_USAGE = YES_ERROR;
				CLANG_WARN_DOCUMENTATION_COMMENTS = YES;
				CLANG_WARN_EMPTY_BODY = YES;
				CLANG_WARN_ENUM_CONVERSION = YES;
				CLANG_WARN_INFINITE_RECURSION = YES;
				CLANG_WARN_INT_CONVERSION = YES;
				CLANG_WARN_NON_LITERAL_NULL_CONVERSION = YES;
				CLANG_WARN_OBJC_IMPLICIT_RETAIN_SELF = YES;
				CLANG_WARN_OBJC_LITERAL_CONVERSION = YES;
				CLANG_WARN_OBJC_ROOT_CLASS = YES_ERROR;
				CLANG_WARN_RANGE_LOOP_ANALYSIS = YES;
				CLANG_WARN_STRICT_PROTOTYPES = YES;
				CLANG_WARN_SUSPICIOUS_MOVE = YES;
				CLANG_WARN_UNGUARDED_AVAILABILITY = YES_AGGRESSIVE;
				CLANG_WARN_UNREACHABLE_CODE = YES;
				CLANG_WARN__DUPLICATE_METHOD_MATCH = YES;
				COPY_PHASE_STRIP = NO;
				DEBUG_INFORMATION_FORMAT = dwarf;
				ENABLE_STRICT_OBJC_MSGSEND = YES;
				ENABLE_TESTABILITY = YES;
				GCC_C_LANGUAGE_STANDARD = gnu11;
				GCC_DYNAMIC_NO_PIC = NO;
				GCC_NO_COMMON_BLOCKS = YES;
				GCC_OPTIMIZATION_LEVEL = 0;
				GCC_PREPROCESSOR_DEFINITIONS = (
					"DEBUG=1",
					"$(inherited)",
				);
				GCC_WARN_64_TO_32_BIT_CONVERSION = YES;
				GCC_WARN_ABOUT_RETURN_TYPE = YES_ERROR;
				GCC_WARN_UNDECLARED_SELECTOR = YES;
				GCC_WARN_UNINITIALIZED_AUTOS = YES_AGGRESSIVE;
				GCC_WARN_UNUSED_FUNCTION = YES;
				GCC_WARN_UNUSED_VARIABLE = YES;
				MACOSX_DEPLOYMENT_TARGET = 10.15;
				MTL_ENABLE_DEBUG_INFO = INCLUDE_SOURCE;
				MTL_FAST_MATH = YES;
				ONLY_ACTIVE_ARCH = YES;
				SDKROOT = macosx;
			};
			name = Debug;
		};
		081AC72E250B460000317188 /* Release */ = {
			isa = XCBuildConfiguration;
			buildSettings = {
				ALWAYS_SEARCH_USER_PATHS = NO;
				CLANG_ANALYZER_NONNULL = YES;
				CLANG_ANALYZER_NUMBER_OBJECT_CONVERSION = YES_AGGRESSIVE;
				CLANG_CXX_LANGUAGE_STANDARD = "gnu++14";
				CLANG_CXX_LIBRARY = "libc++";
				CLANG_ENABLE_MODULES = YES;
				CLANG_ENABLE_OBJC_ARC = YES;
				CLANG_ENABLE_OBJC_WEAK = YES;
				CLANG_WARN_BLOCK_CAPTURE_AUTORELEASING = YES;
				CLANG_WARN_BOOL_CONVERSION = YES;
				CLANG_WARN_COMMA = YES;
				CLANG_WARN_CONSTANT_CONVERSION = YES;
				CLANG_WARN_DEPRECATED_OBJC_IMPLEMENTATIONS = YES;
				CLANG_WARN_DIRECT_OBJC_ISA_USAGE = YES_ERROR;
				CLANG_WARN_DOCUMENTATION_COMMENTS = YES;
				CLANG_WARN_EMPTY_BODY = YES;
				CLANG_WARN_ENUM_CONVERSION = YES;
				CLANG_WARN_INFINITE_RECURSION = YES;
				CLANG_WARN_INT_CONVERSION = YES;
				CLANG_WARN_NON_LITERAL_NULL_CONVERSION = YES;
				CLANG_WARN_OBJC_IMPLICIT_RETAIN_SELF = YES;
				CLANG_WARN_OBJC_LITERAL_CONVERSION = YES;
				CLANG_WARN_OBJC_ROOT_CLASS = YES_ERROR;
				CLANG_WARN_RANGE_LOOP_ANALYSIS = YES;
				CLANG_WARN_STRICT_PROTOTYPES = YES;
				CLANG_WARN_SUSPICIOUS_MOVE = YES;
				CLANG_WARN_UNGUARDED_AVAILABILITY = YES_AGGRESSIVE;
				CLANG_WARN_UNREACHABLE_CODE = YES;
				CLANG_WARN__DUPLICATE_METHOD_MATCH = YES;
				COPY_PHASE_STRIP = NO;
				DEBUG_INFORMATION_FORMAT = "dwarf-with-dsym";
				ENABLE_NS_ASSERTIONS = NO;
				ENABLE_STRICT_OBJC_MSGSEND = YES;
				GCC_C_LANGUAGE_STANDARD = gnu11;
				GCC_NO_COMMON_BLOCKS = YES;
				GCC_WARN_64_TO_32_BIT_CONVERSION = YES;
				GCC_WARN_ABOUT_RETURN_TYPE = YES_ERROR;
				GCC_WARN_UNDECLARED_SELECTOR = YES;
				GCC_WARN_UNINITIALIZED_AUTOS = YES_AGGRESSIVE;
				GCC_WARN_UNUSED_FUNCTION = YES;
				GCC_WARN_UNUSED_VARIABLE = YES;
				MACOSX_DEPLOYMENT_TARGET = 10.15;
				MTL_ENABLE_DEBUG_INFO = NO;
				MTL_FAST_MATH = YES;
				SDKROOT = macosx;
			};
			name = Release;
		};
		081AC730250B460000317188 /* Debug */ = {
			isa = XCBuildConfiguration;
			buildSettings = {
				CODE_SIGN_STYLE = Automatic;
				DEVELOPMENT_TEAM = 4X8CY4498Q;
				ENABLE_HARDENED_RUNTIME = YES;
				PRODUCT_NAME = "$(TARGET_NAME)";
			};
			name = Debug;
		};
		081AC731250B460000317188 /* Release */ = {
			isa = XCBuildConfiguration;
			buildSettings = {
				CODE_SIGN_STYLE = Automatic;
				DEVELOPMENT_TEAM = 4X8CY4498Q;
				ENABLE_HARDENED_RUNTIME = YES;
				PRODUCT_NAME = "$(TARGET_NAME)";
			};
			name = Release;
		};
		081AC73E250B5E8400317188 /* Debug */ = {
			isa = XCBuildConfiguration;
			buildSettings = {
				CODE_SIGN_STYLE = Automatic;
				DEVELOPMENT_TEAM = 4X8CY4498Q;
				ENABLE_HARDENED_RUNTIME = YES;
				PRODUCT_NAME = "$(TARGET_NAME)";
			};
			name = Debug;
		};
		081AC73F250B5E8400317188 /* Release */ = {
			isa = XCBuildConfiguration;
			buildSettings = {
				CODE_SIGN_STYLE = Automatic;
				DEVELOPMENT_TEAM = 4X8CY4498Q;
				ENABLE_HARDENED_RUNTIME = YES;
				PRODUCT_NAME = "$(TARGET_NAME)";
			};
			name = Release;
		};
		081AC749250B688900317188 /* Debug */ = {
			isa = XCBuildConfiguration;
			buildSettings = {
				CODE_SIGN_STYLE = Automatic;
				DEVELOPMENT_TEAM = 4X8CY4498Q;
				ENABLE_HARDENED_RUNTIME = YES;
				PRODUCT_NAME = "$(TARGET_NAME)";
			};
			name = Debug;
		};
		081AC74A250B688900317188 /* Release */ = {
			isa = XCBuildConfiguration;
			buildSettings = {
				CODE_SIGN_STYLE = Automatic;
				DEVELOPMENT_TEAM = 4X8CY4498Q;
				ENABLE_HARDENED_RUNTIME = YES;
				PRODUCT_NAME = "$(TARGET_NAME)";
			};
			name = Release;
		};
		081AC754250BB56F00317188 /* Debug */ = {
			isa = XCBuildConfiguration;
			buildSettings = {
				CODE_SIGN_STYLE = Automatic;
				DEVELOPMENT_TEAM = 4X8CY4498Q;
				ENABLE_HARDENED_RUNTIME = YES;
				PRODUCT_NAME = "$(TARGET_NAME)";
			};
			name = Debug;
		};
		081AC755250BB56F00317188 /* Release */ = {
			isa = XCBuildConfiguration;
			buildSettings = {
				CODE_SIGN_STYLE = Automatic;
				DEVELOPMENT_TEAM = 4X8CY4498Q;
				ENABLE_HARDENED_RUNTIME = YES;
				PRODUCT_NAME = "$(TARGET_NAME)";
			};
			name = Release;
		};
		081AC75F250BC54400317188 /* Debug */ = {
			isa = XCBuildConfiguration;
			buildSettings = {
				CODE_SIGN_STYLE = Automatic;
				DEVELOPMENT_TEAM = 4X8CY4498Q;
				ENABLE_HARDENED_RUNTIME = YES;
				PRODUCT_NAME = "$(TARGET_NAME)";
			};
			name = Debug;
		};
		081AC760250BC54400317188 /* Release */ = {
			isa = XCBuildConfiguration;
			buildSettings = {
				CODE_SIGN_STYLE = Automatic;
				DEVELOPMENT_TEAM = 4X8CY4498Q;
				ENABLE_HARDENED_RUNTIME = YES;
				PRODUCT_NAME = "$(TARGET_NAME)";
			};
			name = Release;
		};
		6010F6F8257F49450050048D /* Debug */ = {
			isa = XCBuildConfiguration;
			buildSettings = {
				CLANG_WARN_QUOTED_INCLUDE_IN_FRAMEWORK_HEADER = YES;
				CODE_SIGN_STYLE = Automatic;
				PRODUCT_NAME = "$(TARGET_NAME)";
			};
			name = Debug;
		};
		6010F6F9257F49450050048D /* Release */ = {
			isa = XCBuildConfiguration;
			buildSettings = {
				CLANG_WARN_QUOTED_INCLUDE_IN_FRAMEWORK_HEADER = YES;
				CODE_SIGN_STYLE = Automatic;
				PRODUCT_NAME = "$(TARGET_NAME)";
			};
			name = Release;
		};
		6012B630253DB70F0080A255 /* Debug */ = {
			isa = XCBuildConfiguration;
			buildSettings = {
				CLANG_WARN_QUOTED_INCLUDE_IN_FRAMEWORK_HEADER = YES;
				CODE_SIGN_STYLE = Automatic;
				PRODUCT_NAME = "$(TARGET_NAME)";
			};
			name = Debug;
		};
		6012B631253DB70F0080A255 /* Release */ = {
			isa = XCBuildConfiguration;
			buildSettings = {
				CLANG_WARN_QUOTED_INCLUDE_IN_FRAMEWORK_HEADER = YES;
				CODE_SIGN_STYLE = Automatic;
				PRODUCT_NAME = "$(TARGET_NAME)";
			};
			name = Release;
		};
		60176DEE257E4092009D4363 /* Debug */ = {
			isa = XCBuildConfiguration;
			buildSettings = {
				CLANG_WARN_QUOTED_INCLUDE_IN_FRAMEWORK_HEADER = YES;
				CODE_SIGN_STYLE = Automatic;
				PRODUCT_NAME = "$(TARGET_NAME)";
			};
			name = Debug;
		};
		60176DEF257E4092009D4363 /* Release */ = {
			isa = XCBuildConfiguration;
			buildSettings = {
				CLANG_WARN_QUOTED_INCLUDE_IN_FRAMEWORK_HEADER = YES;
				CODE_SIGN_STYLE = Automatic;
				PRODUCT_NAME = "$(TARGET_NAME)";
			};
			name = Release;
		};
		60176E10257E4875009D4363 /* Debug */ = {
			isa = XCBuildConfiguration;
			buildSettings = {
				CLANG_WARN_QUOTED_INCLUDE_IN_FRAMEWORK_HEADER = YES;
				CODE_SIGN_STYLE = Automatic;
				PRODUCT_NAME = "$(TARGET_NAME)";
			};
			name = Debug;
		};
		60176E11257E4875009D4363 /* Release */ = {
			isa = XCBuildConfiguration;
			buildSettings = {
				CLANG_WARN_QUOTED_INCLUDE_IN_FRAMEWORK_HEADER = YES;
				CODE_SIGN_STYLE = Automatic;
				PRODUCT_NAME = "$(TARGET_NAME)";
			};
			name = Release;
		};
		60176E33257F11FF009D4363 /* Debug */ = {
			isa = XCBuildConfiguration;
			buildSettings = {
				CLANG_WARN_QUOTED_INCLUDE_IN_FRAMEWORK_HEADER = YES;
				CODE_SIGN_STYLE = Automatic;
				PRODUCT_NAME = "$(TARGET_NAME)";
			};
			name = Debug;
		};
		60176E34257F11FF009D4363 /* Release */ = {
			isa = XCBuildConfiguration;
			buildSettings = {
				CLANG_WARN_QUOTED_INCLUDE_IN_FRAMEWORK_HEADER = YES;
				CODE_SIGN_STYLE = Automatic;
				PRODUCT_NAME = "$(TARGET_NAME)";
			};
			name = Release;
		};
		60176E57257F1955009D4363 /* Debug */ = {
			isa = XCBuildConfiguration;
			buildSettings = {
				CLANG_WARN_QUOTED_INCLUDE_IN_FRAMEWORK_HEADER = YES;
				CODE_SIGN_STYLE = Automatic;
				PRODUCT_NAME = "$(TARGET_NAME)";
			};
			name = Debug;
		};
		60176E58257F1955009D4363 /* Release */ = {
			isa = XCBuildConfiguration;
			buildSettings = {
				CLANG_WARN_QUOTED_INCLUDE_IN_FRAMEWORK_HEADER = YES;
				CODE_SIGN_STYLE = Automatic;
				PRODUCT_NAME = "$(TARGET_NAME)";
			};
			name = Release;
		};
		60176E7C257F1CBD009D4363 /* Debug */ = {
			isa = XCBuildConfiguration;
			buildSettings = {
				CLANG_WARN_QUOTED_INCLUDE_IN_FRAMEWORK_HEADER = YES;
				CODE_SIGN_STYLE = Automatic;
				PRODUCT_NAME = "$(TARGET_NAME)";
			};
			name = Debug;
		};
		60176E7D257F1CBD009D4363 /* Release */ = {
			isa = XCBuildConfiguration;
			buildSettings = {
				CLANG_WARN_QUOTED_INCLUDE_IN_FRAMEWORK_HEADER = YES;
				CODE_SIGN_STYLE = Automatic;
				PRODUCT_NAME = "$(TARGET_NAME)";
			};
			name = Release;
		};
		60C7478A25680D2B00C677D3 /* Debug */ = {
			isa = XCBuildConfiguration;
			buildSettings = {
				CLANG_WARN_QUOTED_INCLUDE_IN_FRAMEWORK_HEADER = YES;
				CODE_SIGN_STYLE = Automatic;
				PRODUCT_NAME = "$(TARGET_NAME)";
			};
			name = Debug;
		};
		60C7478B25680D2B00C677D3 /* Release */ = {
			isa = XCBuildConfiguration;
			buildSettings = {
				CLANG_WARN_QUOTED_INCLUDE_IN_FRAMEWORK_HEADER = YES;
				CODE_SIGN_STYLE = Automatic;
				PRODUCT_NAME = "$(TARGET_NAME)";
			};
			name = Release;
		};
		60CCA7AE250CE40000C02F25 /* Debug */ = {
			isa = XCBuildConfiguration;
			buildSettings = {
				CODE_SIGN_STYLE = Automatic;
				PRODUCT_NAME = "$(TARGET_NAME)";
			};
			name = Debug;
		};
		60CCA7AF250CE40000C02F25 /* Release */ = {
			isa = XCBuildConfiguration;
			buildSettings = {
				CODE_SIGN_STYLE = Automatic;
				PRODUCT_NAME = "$(TARGET_NAME)";
			};
			name = Release;
		};
		60CCA7BA250CE59500C02F25 /* Debug */ = {
			isa = XCBuildConfiguration;
			buildSettings = {
				CODE_SIGN_STYLE = Automatic;
				PRODUCT_NAME = "$(TARGET_NAME)";
			};
			name = Debug;
		};
		60CCA7BB250CE59500C02F25 /* Release */ = {
			isa = XCBuildConfiguration;
			buildSettings = {
				CODE_SIGN_STYLE = Automatic;
				PRODUCT_NAME = "$(TARGET_NAME)";
			};
			name = Release;
		};
		60CCA7C5250FABC000C02F25 /* Debug */ = {
			isa = XCBuildConfiguration;
			buildSettings = {
				CODE_SIGN_STYLE = Automatic;
				PRODUCT_NAME = "$(TARGET_NAME)";
			};
			name = Debug;
		};
		60CCA7C6250FABC000C02F25 /* Release */ = {
			isa = XCBuildConfiguration;
			buildSettings = {
				CODE_SIGN_STYLE = Automatic;
				PRODUCT_NAME = "$(TARGET_NAME)";
			};
			name = Release;
		};
		60CCA7D0250FAC6800C02F25 /* Debug */ = {
			isa = XCBuildConfiguration;
			buildSettings = {
				CODE_SIGN_STYLE = Automatic;
				PRODUCT_NAME = "$(TARGET_NAME)";
			};
			name = Debug;
		};
		60CCA7D1250FAC6800C02F25 /* Release */ = {
			isa = XCBuildConfiguration;
			buildSettings = {
				CODE_SIGN_STYLE = Automatic;
				PRODUCT_NAME = "$(TARGET_NAME)";
			};
			name = Release;
		};
		60CCA7DB250FAE8700C02F25 /* Debug */ = {
			isa = XCBuildConfiguration;
			buildSettings = {
				CODE_SIGN_STYLE = Automatic;
				PRODUCT_NAME = "$(TARGET_NAME)";
			};
			name = Debug;
		};
		60CCA7DC250FAE8700C02F25 /* Release */ = {
			isa = XCBuildConfiguration;
			buildSettings = {
				CODE_SIGN_STYLE = Automatic;
				PRODUCT_NAME = "$(TARGET_NAME)";
			};
			name = Release;
		};
		60CCA7E625103E9200C02F25 /* Debug */ = {
			isa = XCBuildConfiguration;
			buildSettings = {
				CODE_SIGN_STYLE = Automatic;
				PRODUCT_NAME = "$(TARGET_NAME)";
			};
			name = Debug;
		};
		60CCA7E725103E9200C02F25 /* Release */ = {
			isa = XCBuildConfiguration;
			buildSettings = {
				CODE_SIGN_STYLE = Automatic;
				PRODUCT_NAME = "$(TARGET_NAME)";
			};
			name = Release;
		};
		60CCA7F12510431E00C02F25 /* Debug */ = {
			isa = XCBuildConfiguration;
			buildSettings = {
				CODE_SIGN_STYLE = Automatic;
				PRODUCT_NAME = "$(TARGET_NAME)";
			};
			name = Debug;
		};
		60CCA7F22510431E00C02F25 /* Release */ = {
			isa = XCBuildConfiguration;
			buildSettings = {
				CODE_SIGN_STYLE = Automatic;
				PRODUCT_NAME = "$(TARGET_NAME)";
			};
			name = Release;
		};
		60CCA7FC251082D500C02F25 /* Debug */ = {
			isa = XCBuildConfiguration;
			buildSettings = {
				CODE_SIGN_STYLE = Automatic;
				PRODUCT_NAME = "$(TARGET_NAME)";
			};
			name = Debug;
		};
		60CCA7FD251082D500C02F25 /* Release */ = {
			isa = XCBuildConfiguration;
			buildSettings = {
				CODE_SIGN_STYLE = Automatic;
				PRODUCT_NAME = "$(TARGET_NAME)";
			};
			name = Release;
		};
		60CCA80725108A5F00C02F25 /* Debug */ = {
			isa = XCBuildConfiguration;
			buildSettings = {
				CODE_SIGN_STYLE = Automatic;
				PRODUCT_NAME = "$(TARGET_NAME)";
				SWIFT_ACTIVE_COMPILATION_CONDITIONS = DEBUG;
				SWIFT_OPTIMIZATION_LEVEL = "-Onone";
				SWIFT_VERSION = 5.0;
			};
			name = Debug;
		};
		60CCA80825108A5F00C02F25 /* Release */ = {
			isa = XCBuildConfiguration;
			buildSettings = {
				CODE_SIGN_STYLE = Automatic;
				PRODUCT_NAME = "$(TARGET_NAME)";
				SWIFT_COMPILATION_MODE = wholemodule;
				SWIFT_OPTIMIZATION_LEVEL = "-O";
				SWIFT_VERSION = 5.0;
			};
			name = Release;
		};
		60CCA81225108A7F00C02F25 /* Debug */ = {
			isa = XCBuildConfiguration;
			buildSettings = {
				CODE_SIGN_STYLE = Automatic;
				PRODUCT_NAME = "$(TARGET_NAME)";
			};
			name = Debug;
		};
		60CCA81325108A7F00C02F25 /* Release */ = {
			isa = XCBuildConfiguration;
			buildSettings = {
				CODE_SIGN_STYLE = Automatic;
				PRODUCT_NAME = "$(TARGET_NAME)";
			};
			name = Release;
		};
		60CCA81D25108CD700C02F25 /* Debug */ = {
			isa = XCBuildConfiguration;
			buildSettings = {
				CODE_SIGN_STYLE = Automatic;
				PRODUCT_NAME = "$(TARGET_NAME)";
			};
			name = Debug;
		};
		60CCA81E25108CD700C02F25 /* Release */ = {
			isa = XCBuildConfiguration;
			buildSettings = {
				CODE_SIGN_STYLE = Automatic;
				PRODUCT_NAME = "$(TARGET_NAME)";
			};
			name = Release;
		};
		60CCA8282510CC6600C02F25 /* Debug */ = {
			isa = XCBuildConfiguration;
			buildSettings = {
				CODE_SIGN_STYLE = Automatic;
				PRODUCT_NAME = "$(TARGET_NAME)";
			};
			name = Debug;
		};
		60CCA8292510CC6600C02F25 /* Release */ = {
			isa = XCBuildConfiguration;
			buildSettings = {
				CODE_SIGN_STYLE = Automatic;
				PRODUCT_NAME = "$(TARGET_NAME)";
			};
			name = Release;
		};
		60CCA8332511C8D700C02F25 /* Debug */ = {
			isa = XCBuildConfiguration;
			buildSettings = {
				CODE_SIGN_STYLE = Automatic;
				PRODUCT_NAME = "$(TARGET_NAME)";
			};
			name = Debug;
		};
		60CCA8342511C8D700C02F25 /* Release */ = {
			isa = XCBuildConfiguration;
			buildSettings = {
				CODE_SIGN_STYLE = Automatic;
				PRODUCT_NAME = "$(TARGET_NAME)";
			};
			name = Release;
		};
		60CCA83E2512EB7500C02F25 /* Debug */ = {
			isa = XCBuildConfiguration;
			buildSettings = {
				CODE_SIGN_STYLE = Automatic;
				PRODUCT_NAME = "$(TARGET_NAME)";
			};
			name = Debug;
		};
		60CCA83F2512EB7500C02F25 /* Release */ = {
			isa = XCBuildConfiguration;
			buildSettings = {
				CODE_SIGN_STYLE = Automatic;
				PRODUCT_NAME = "$(TARGET_NAME)";
			};
			name = Release;
		};
		60CCA8492512EFDF00C02F25 /* Debug */ = {
			isa = XCBuildConfiguration;
			buildSettings = {
				CODE_SIGN_STYLE = Automatic;
				PRODUCT_NAME = "$(TARGET_NAME)";
			};
			name = Debug;
		};
		60CCA84A2512EFDF00C02F25 /* Release */ = {
			isa = XCBuildConfiguration;
			buildSettings = {
				CODE_SIGN_STYLE = Automatic;
				PRODUCT_NAME = "$(TARGET_NAME)";
			};
			name = Release;
		};
/* End XCBuildConfiguration section */

/* Begin XCConfigurationList section */
		081AC723250B460000317188 /* Build configuration list for PBXProject "data-structure" */ = {
			isa = XCConfigurationList;
			buildConfigurations = (
				081AC72D250B460000317188 /* Debug */,
				081AC72E250B460000317188 /* Release */,
			);
			defaultConfigurationIsVisible = 0;
			defaultConfigurationName = Release;
		};
		081AC72F250B460000317188 /* Build configuration list for PBXNativeTarget "data-structure" */ = {
			isa = XCConfigurationList;
			buildConfigurations = (
				081AC730250B460000317188 /* Debug */,
				081AC731250B460000317188 /* Release */,
			);
			defaultConfigurationIsVisible = 0;
			defaultConfigurationName = Release;
		};
		081AC73D250B5E8400317188 /* Build configuration list for PBXNativeTarget "_2" */ = {
			isa = XCConfigurationList;
			buildConfigurations = (
				081AC73E250B5E8400317188 /* Debug */,
				081AC73F250B5E8400317188 /* Release */,
			);
			defaultConfigurationIsVisible = 0;
			defaultConfigurationName = Release;
		};
		081AC748250B688900317188 /* Build configuration list for PBXNativeTarget "_3" */ = {
			isa = XCConfigurationList;
			buildConfigurations = (
				081AC749250B688900317188 /* Debug */,
				081AC74A250B688900317188 /* Release */,
			);
			defaultConfigurationIsVisible = 0;
			defaultConfigurationName = Release;
		};
		081AC753250BB56F00317188 /* Build configuration list for PBXNativeTarget "_4" */ = {
			isa = XCConfigurationList;
			buildConfigurations = (
				081AC754250BB56F00317188 /* Debug */,
				081AC755250BB56F00317188 /* Release */,
			);
			defaultConfigurationIsVisible = 0;
			defaultConfigurationName = Release;
		};
		081AC75E250BC54400317188 /* Build configuration list for PBXNativeTarget "_5" */ = {
			isa = XCConfigurationList;
			buildConfigurations = (
				081AC75F250BC54400317188 /* Debug */,
				081AC760250BC54400317188 /* Release */,
			);
			defaultConfigurationIsVisible = 0;
			defaultConfigurationName = Release;
		};
		6010F6FA257F49450050048D /* Build configuration list for PBXNativeTarget "1032" */ = {
			isa = XCConfigurationList;
			buildConfigurations = (
				6010F6F8257F49450050048D /* Debug */,
				6010F6F9257F49450050048D /* Release */,
			);
			defaultConfigurationIsVisible = 0;
			defaultConfigurationName = Release;
		};
		6012B632253DB70F0080A255 /* Build configuration list for PBXNativeTarget "A1065" */ = {
			isa = XCConfigurationList;
			buildConfigurations = (
				6012B630253DB70F0080A255 /* Debug */,
				6012B631253DB70F0080A255 /* Release */,
			);
			defaultConfigurationIsVisible = 0;
			defaultConfigurationName = Release;
		};
		60176DED257E4092009D4363 /* Build configuration list for PBXNativeTarget "A1002" */ = {
			isa = XCConfigurationList;
			buildConfigurations = (
				60176DEE257E4092009D4363 /* Debug */,
				60176DEF257E4092009D4363 /* Release */,
			);
			defaultConfigurationIsVisible = 0;
			defaultConfigurationName = Release;
		};
		60176E0F257E4875009D4363 /* Build configuration list for PBXNativeTarget "A1009" */ = {
			isa = XCConfigurationList;
			buildConfigurations = (
				60176E10257E4875009D4363 /* Debug */,
				60176E11257E4875009D4363 /* Release */,
			);
			defaultConfigurationIsVisible = 0;
			defaultConfigurationName = Release;
		};
		60176E32257F11FF009D4363 /* Build configuration list for PBXNativeTarget "1041" */ = {
			isa = XCConfigurationList;
			buildConfigurations = (
				60176E33257F11FF009D4363 /* Debug */,
				60176E34257F11FF009D4363 /* Release */,
			);
			defaultConfigurationIsVisible = 0;
			defaultConfigurationName = Release;
		};
		60176E56257F1955009D4363 /* Build configuration list for PBXNativeTarget "1004" */ = {
			isa = XCConfigurationList;
			buildConfigurations = (
				60176E57257F1955009D4363 /* Debug */,
				60176E58257F1955009D4363 /* Release */,
			);
			defaultConfigurationIsVisible = 0;
			defaultConfigurationName = Release;
		};
		60176E7B257F1CBD009D4363 /* Build configuration list for PBXNativeTarget "1028" */ = {
			isa = XCConfigurationList;
			buildConfigurations = (
				60176E7C257F1CBD009D4363 /* Debug */,
				60176E7D257F1CBD009D4363 /* Release */,
			);
			defaultConfigurationIsVisible = 0;
			defaultConfigurationName = Release;
		};
		60C7478C25680D2B00C677D3 /* Build configuration list for PBXNativeTarget "LC1343" */ = {
			isa = XCConfigurationList;
			buildConfigurations = (
				60C7478A25680D2B00C677D3 /* Debug */,
				60C7478B25680D2B00C677D3 /* Release */,
			);
			defaultConfigurationIsVisible = 0;
			defaultConfigurationName = Release;
		};
		60CCA7B0250CE40000C02F25 /* Build configuration list for PBXNativeTarget "_1" */ = {
			isa = XCConfigurationList;
			buildConfigurations = (
				60CCA7AE250CE40000C02F25 /* Debug */,
				60CCA7AF250CE40000C02F25 /* Release */,
			);
			defaultConfigurationIsVisible = 0;
			defaultConfigurationName = Release;
		};
		60CCA7B9250CE59500C02F25 /* Build configuration list for PBXNativeTarget "1_1" */ = {
			isa = XCConfigurationList;
			buildConfigurations = (
				60CCA7BA250CE59500C02F25 /* Debug */,
				60CCA7BB250CE59500C02F25 /* Release */,
			);
			defaultConfigurationIsVisible = 0;
			defaultConfigurationName = Release;
		};
		60CCA7C4250FABC000C02F25 /* Build configuration list for PBXNativeTarget "2_1" */ = {
			isa = XCConfigurationList;
			buildConfigurations = (
				60CCA7C5250FABC000C02F25 /* Debug */,
				60CCA7C6250FABC000C02F25 /* Release */,
			);
			defaultConfigurationIsVisible = 0;
			defaultConfigurationName = Release;
		};
		60CCA7CF250FAC6800C02F25 /* Build configuration list for PBXNativeTarget "1001" */ = {
			isa = XCConfigurationList;
			buildConfigurations = (
				60CCA7D0250FAC6800C02F25 /* Debug */,
				60CCA7D1250FAC6800C02F25 /* Release */,
			);
			defaultConfigurationIsVisible = 0;
			defaultConfigurationName = Release;
		};
		60CCA7DA250FAE8700C02F25 /* Build configuration list for PBXNativeTarget "1011" */ = {
			isa = XCConfigurationList;
			buildConfigurations = (
				60CCA7DB250FAE8700C02F25 /* Debug */,
				60CCA7DC250FAE8700C02F25 /* Release */,
			);
			defaultConfigurationIsVisible = 0;
			defaultConfigurationName = Release;
		};
		60CCA7E525103E9200C02F25 /* Build configuration list for PBXNativeTarget "1016" */ = {
			isa = XCConfigurationList;
			buildConfigurations = (
				60CCA7E625103E9200C02F25 /* Debug */,
				60CCA7E725103E9200C02F25 /* Release */,
			);
			defaultConfigurationIsVisible = 0;
			defaultConfigurationName = Release;
		};
		60CCA7F02510431E00C02F25 /* Build configuration list for PBXNativeTarget "1026" */ = {
			isa = XCConfigurationList;
			buildConfigurations = (
				60CCA7F12510431E00C02F25 /* Debug */,
				60CCA7F22510431E00C02F25 /* Release */,
			);
			defaultConfigurationIsVisible = 0;
			defaultConfigurationName = Release;
		};
		60CCA7FB251082D500C02F25 /* Build configuration list for PBXNativeTarget "1046" */ = {
			isa = XCConfigurationList;
			buildConfigurations = (
				60CCA7FC251082D500C02F25 /* Debug */,
				60CCA7FD251082D500C02F25 /* Release */,
			);
			defaultConfigurationIsVisible = 0;
			defaultConfigurationName = Release;
		};
		60CCA80625108A5F00C02F25 /* Build configuration list for PBXNativeTarget "1008" */ = {
			isa = XCConfigurationList;
			buildConfigurations = (
				60CCA80725108A5F00C02F25 /* Debug */,
				60CCA80825108A5F00C02F25 /* Release */,
			);
			defaultConfigurationIsVisible = 0;
			defaultConfigurationName = Release;
		};
		60CCA81125108A7F00C02F25 /* Build configuration list for PBXNativeTarget "_1008" */ = {
			isa = XCConfigurationList;
			buildConfigurations = (
				60CCA81225108A7F00C02F25 /* Debug */,
				60CCA81325108A7F00C02F25 /* Release */,
			);
			defaultConfigurationIsVisible = 0;
			defaultConfigurationName = Release;
		};
		60CCA81C25108CD700C02F25 /* Build configuration list for PBXNativeTarget "1012" */ = {
			isa = XCConfigurationList;
			buildConfigurations = (
				60CCA81D25108CD700C02F25 /* Debug */,
				60CCA81E25108CD700C02F25 /* Release */,
			);
			defaultConfigurationIsVisible = 0;
			defaultConfigurationName = Release;
		};
		60CCA8272510CC6600C02F25 /* Build configuration list for PBXNativeTarget "1018" */ = {
			isa = XCConfigurationList;
			buildConfigurations = (
				60CCA8282510CC6600C02F25 /* Debug */,
				60CCA8292510CC6600C02F25 /* Release */,
			);
			defaultConfigurationIsVisible = 0;
			defaultConfigurationName = Release;
		};
		60CCA8322511C8D700C02F25 /* Build configuration list for PBXNativeTarget "1010" */ = {
			isa = XCConfigurationList;
			buildConfigurations = (
				60CCA8332511C8D700C02F25 /* Debug */,
				60CCA8342511C8D700C02F25 /* Release */,
			);
			defaultConfigurationIsVisible = 0;
			defaultConfigurationName = Release;
		};
		60CCA83D2512EB7500C02F25 /* Build configuration list for PBXNativeTarget "A1042" */ = {
			isa = XCConfigurationList;
			buildConfigurations = (
				60CCA83E2512EB7500C02F25 /* Debug */,
				60CCA83F2512EB7500C02F25 /* Release */,
			);
			defaultConfigurationIsVisible = 0;
			defaultConfigurationName = Release;
		};
		60CCA8482512EFDF00C02F25 /* Build configuration list for PBXNativeTarget "A1046" */ = {
			isa = XCConfigurationList;
			buildConfigurations = (
				60CCA8492512EFDF00C02F25 /* Debug */,
				60CCA84A2512EFDF00C02F25 /* Release */,
			);
			defaultConfigurationIsVisible = 0;
			defaultConfigurationName = Release;
		};
/* End XCConfigurationList section */
	};
	rootObject = 081AC720250B460000317188 /* Project object */;
}
